// !$*UTF8*$!
{
	archiveVersion = 1;
	classes = {
	};
	objectVersion = 56;
	objects = {

/* Begin PBXBuildFile section */
		4F01A2DD2B2C0A6400690981 /* SVClip.mm in Sources */ = {isa = PBXBuildFile; fileRef = 4F01A2DC2B2C0A6400690981 /* SVClip.mm */; };
		4F01A2E02B2C0B7B00690981 /* SVVideoClip.mm in Sources */ = {isa = PBXBuildFile; fileRef = 4F01A2DF2B2C0B7B00690981 /* SVVideoClip.mm */; };
		4F01A30C2B2C36D400690981 /* SVTrack.mm in Sources */ = {isa = PBXBuildFile; fileRef = 4F01A30B2B2C36D400690981 /* SVTrack.mm */; };
		4F01A30F2B2C370500690981 /* SVVideoTrack.mm in Sources */ = {isa = PBXBuildFile; fileRef = 4F01A30E2B2C370500690981 /* SVVideoTrack.mm */; };
		4F0542A12B997CA30001BDC7 /* PHPickerConfiguration+OnlyReturnsIdentifiers.mm in Sources */ = {isa = PBXBuildFile; fileRef = 4F0542A02B997CA30001BDC7 /* PHPickerConfiguration+OnlyReturnsIdentifiers.mm */; };
		4F0542A32B998DE20001BDC7 /* Accelerate.framework in Frameworks */ = {isa = PBXBuildFile; fileRef = 4F0542A22B998DE20001BDC7 /* Accelerate.framework */; };
		4F05CA882B9AAE6400FEF68C /* SVNSArrayValueTransformer.mm in Sources */ = {isa = PBXBuildFile; fileRef = 4F05CA872B9AAE6400FEF68C /* SVNSArrayValueTransformer.mm */; };
		4F05CA8B2B9AB05400FEF68C /* SVAudioSamplesManager.mm in Sources */ = {isa = PBXBuildFile; fileRef = 4F05CA8A2B9AB05400FEF68C /* SVAudioSamplesManager.mm */; };
		4F05CA8E2B9AB0C900FEF68C /* SVAudioSample.mm in Sources */ = {isa = PBXBuildFile; fileRef = 4F05CA8D2B9AB0C900FEF68C /* SVAudioSample.mm */; };
		4F05CAA42B9B6ED300FEF68C /* AudioWaveformView.mm in Sources */ = {isa = PBXBuildFile; fileRef = 4F05CAA32B9B6ED300FEF68C /* AudioWaveformView.mm */; };
		4F05CAA72B9B6F1B00FEF68C /* SVRunLoop.mm in Sources */ = {isa = PBXBuildFile; fileRef = 4F05CAA62B9B6F1B00FEF68C /* SVRunLoop.mm */; };
		4F05CAE22B9C7B9300FEF68C /* _AudioWaveformViewLayerDelegate.mm in Sources */ = {isa = PBXBuildFile; fileRef = 4F05CAE12B9C7B9300FEF68C /* _AudioWaveformViewLayerDelegate.mm */; };
		4F05CAF92B9CC12800FEF68C /* EditorTrackAudioTrackSegmentContentConfiguration.mm in Sources */ = {isa = PBXBuildFile; fileRef = 4F05CAF82B9CC12800FEF68C /* EditorTrackAudioTrackSegmentContentConfiguration.mm */; };
		4F05CAFC2B9CC1B300FEF68C /* EditorTrackAudioTrackSegmentContentView.mm in Sources */ = {isa = PBXBuildFile; fileRef = 4F05CAFB2B9CC1B300FEF68C /* EditorTrackAudioTrackSegmentContentView.mm */; };
		4F05CAFE2B9D9D1C00FEF68C /* ImageIO.framework in Frameworks */ = {isa = PBXBuildFile; fileRef = 4F05CAFD2B9D9D1C00FEF68C /* ImageIO.framework */; };
		4F05CB012B9D9E1F00FEF68C /* ProjectsCollectionViewLayout.mm in Sources */ = {isa = PBXBuildFile; fileRef = 4F05CB002B9D9E1F00FEF68C /* ProjectsCollectionViewLayout.mm */; };
		4F05CB052B9DA23E00FEF68C /* ProjectsCollectionContentConfiguration.mm in Sources */ = {isa = PBXBuildFile; fileRef = 4F05CB042B9DA23E00FEF68C /* ProjectsCollectionContentConfiguration.mm */; };
		4F05CB082B9DA24A00FEF68C /* ProjectsCollectionContentView.mm in Sources */ = {isa = PBXBuildFile; fileRef = 4F05CB072B9DA24A00FEF68C /* ProjectsCollectionContentView.mm */; };
		4F05CB0C2B9DCF0900FEF68C /* EditorExportButtonViewController.mm in Sources */ = {isa = PBXBuildFile; fileRef = 4F05CB0B2B9DCF0900FEF68C /* EditorExportButtonViewController.mm */; };
		4F05CB0F2B9DD38500FEF68C /* NSObject+Foundation_IvarDescription.mm in Sources */ = {isa = PBXBuildFile; fileRef = 4F05CB0D2B9DD38500FEF68C /* NSObject+Foundation_IvarDescription.mm */; };
		4F05CB122B9DD74D00FEF68C /* UIViewController+PlatterOrnament.mm in Sources */ = {isa = PBXBuildFile; fileRef = 4F05CB112B9DD74D00FEF68C /* UIViewController+PlatterOrnament.mm */; };
		4F05CB192B9DDC6C00FEF68C /* KeyValueObservation.m in Sources */ = {isa = PBXBuildFile; fileRef = 4F05CB142B9DDC6C00FEF68C /* KeyValueObservation.m */; };
		4F05CB1A2B9DDC6C00FEF68C /* NSObject+KeyValueObservation.m in Sources */ = {isa = PBXBuildFile; fileRef = 4F05CB172B9DDC6C00FEF68C /* NSObject+KeyValueObservation.m */; };
		4F05CB202B9DDE1900FEF68C /* NSValue+WeakObjectValue.mm in Sources */ = {isa = PBXBuildFile; fileRef = 4F05CB1F2B9DDE1900FEF68C /* NSValue+WeakObjectValue.mm */; };
		4F05CB242B9E0CD000FEF68C /* SettingsViewController.mm in Sources */ = {isa = PBXBuildFile; fileRef = 4F05CB232B9E0CD000FEF68C /* SettingsViewController.mm */; };
		4F05CB272B9E0FB300FEF68C /* SettingsViewModel.mm in Sources */ = {isa = PBXBuildFile; fileRef = 4F05CB262B9E0FB300FEF68C /* SettingsViewModel.mm */; };
		4F06E3872B23694F0038F494 /* ImageUtils.mm in Sources */ = {isa = PBXBuildFile; fileRef = 4F06E3862B23694F0038F494 /* ImageUtils.mm */; };
		4F06E3F92B24C6D70038F494 /* UIAlertController+SetCustomView.mm in Sources */ = {isa = PBXBuildFile; fileRef = 4F06E3F82B24C6D70038F494 /* UIAlertController+SetCustomView.mm */; };
		4F0A20E52B20ABD8003208EC /* SVPHAssetFootage.mm in Sources */ = {isa = PBXBuildFile; fileRef = 4F0A20E42B20ABD8003208EC /* SVPHAssetFootage.mm */; };
		4F0A20E82B20AD6A003208EC /* SVFootage.mm in Sources */ = {isa = PBXBuildFile; fileRef = 4F0A20E72B20AD6A003208EC /* SVFootage.mm */; };
		4F0A210C2B20B315003208EC /* Photos.framework in Frameworks */ = {isa = PBXBuildFile; fileRef = 4F0A210B2B20B315003208EC /* Photos.framework */; };
		4F0A210E2B20B319003208EC /* PhotosUI.framework in Frameworks */ = {isa = PBXBuildFile; fileRef = 4F0A210D2B20B319003208EC /* PhotosUI.framework */; };
		4F23F25E2B2750D600EC09EC /* PHImageManager+RequestAVAssets.mm in Sources */ = {isa = PBXBuildFile; fileRef = 4F23F25D2B2750D600EC09EC /* PHImageManager+RequestAVAssets.mm */; };
		4F4DFCD52B7A31AB0018F98E /* QuartzCore.framework in Frameworks */ = {isa = PBXBuildFile; fileRef = 4F4DFCD42B7A31AB0018F98E /* QuartzCore.framework */; };
		4F4DFCD82B7A6B640018F98E /* _EditorAssetPreviewLayerDelegate.mm in Sources */ = {isa = PBXBuildFile; fileRef = 4F4DFCD72B7A6B640018F98E /* _EditorAssetPreviewLayerDelegate.mm */; };
		4F69405B2B7E57A300DF0907 /* EditorTrackCenterLineCollectionReusableView.mm in Sources */ = {isa = PBXBuildFile; fileRef = 4F69405A2B7E57A300DF0907 /* EditorTrackCenterLineCollectionReusableView.mm */; };
		4F74EC702B862A2400626EB4 /* EditorRenderElement.mm in Sources */ = {isa = PBXBuildFile; fileRef = 4F74EC6F2B862A2400626EB4 /* EditorRenderElement.mm */; };
		4F74EC732B862A4300626EB4 /* EditorRenderCaption.mm in Sources */ = {isa = PBXBuildFile; fileRef = 4F74EC722B862A4300626EB4 /* EditorRenderCaption.mm */; };
		4F7851AD2B91D2E60012F441 /* EditorService+Private.mm in Sources */ = {isa = PBXBuildFile; fileRef = 4F7851AC2B91D2E60012F441 /* EditorService+Private.mm */; };
		4F7851B02B91D8D50012F441 /* EditorService+Caption.mm in Sources */ = {isa = PBXBuildFile; fileRef = 4F7851AF2B91D8D50012F441 /* EditorService+Caption.mm */; };
		4F7851B32B91DA2D0012F441 /* EditorService+AudioClip.mm in Sources */ = {isa = PBXBuildFile; fileRef = 4F7851B22B91DA2D0012F441 /* EditorService+AudioClip.mm */; };
		4F8BCD5B2B28B52C0086EDA8 /* EditorTrackViewController.mm in Sources */ = {isa = PBXBuildFile; fileRef = 4F8BCD5A2B28B52C0086EDA8 /* EditorTrackViewController.mm */; };
		4F93FE992B8E3A7B005782EC /* EditorPlayerViewController.mm in Sources */ = {isa = PBXBuildFile; fileRef = 4F93FE982B8E3A7B005782EC /* EditorPlayerViewController.mm */; };
		4F9AC5012B8789F600C67DA8 /* EditorTrackCollectionViewLayout.mm in Sources */ = {isa = PBXBuildFile; fileRef = 4F9AC5002B8789F600C67DA8 /* EditorTrackCollectionViewLayout.mm */; };
		4F9AC5042B87A64E00C67DA8 /* EditorMenuViewModel.mm in Sources */ = {isa = PBXBuildFile; fileRef = 4F9AC5032B87A64E00C67DA8 /* EditorMenuViewModel.mm */; };
		4F9AC5072B87A78B00C67DA8 /* EditorMenuItemModel.mm in Sources */ = {isa = PBXBuildFile; fileRef = 4F9AC5062B87A78B00C67DA8 /* EditorMenuItemModel.mm */; };
		4F9AC50A2B87A79800C67DA8 /* EditorMenuSectionModel.mm in Sources */ = {isa = PBXBuildFile; fileRef = 4F9AC5092B87A79800C67DA8 /* EditorMenuSectionModel.mm */; };
		4F9AC50D2B87A99100C67DA8 /* EditorMenuCollectionViewLayout.mm in Sources */ = {isa = PBXBuildFile; fileRef = 4F9AC50C2B87A99100C67DA8 /* EditorMenuCollectionViewLayout.mm */; };
		4FAEA3D22B8F9DDA007A3F4B /* EditorService+VideoClip.mm in Sources */ = {isa = PBXBuildFile; fileRef = 4FAEA3D12B8F9DDA007A3F4B /* EditorService+VideoClip.mm */; };
		4FB039292B8B72F0000EEF61 /* SVAudioTrack.mm in Sources */ = {isa = PBXBuildFile; fileRef = 4FB039282B8B72F0000EEF61 /* SVAudioTrack.mm */; };
		4FB0392C2B8B7333000EEF61 /* SVAudioClip.mm in Sources */ = {isa = PBXBuildFile; fileRef = 4FB0392B2B8B7333000EEF61 /* SVAudioClip.mm */; };
		4FB0392F2B8B7CA2000EEF61 /* SVLocalFileFootage.mm in Sources */ = {isa = PBXBuildFile; fileRef = 4FB0392E2B8B7CA2000EEF61 /* SVLocalFileFootage.mm */; };
		4FB039312B8BA723000EEF61 /* UniformTypeIdentifiers.framework in Frameworks */ = {isa = PBXBuildFile; fileRef = 4FB039302B8BA723000EEF61 /* UniformTypeIdentifiers.framework */; };
		4FB039342B8CEA7E000EEF61 /* EditorMenuCollectionContentView.mm in Sources */ = {isa = PBXBuildFile; fileRef = 4FB039332B8CEA7E000EEF61 /* EditorMenuCollectionContentView.mm */; };
		4FB039382B8CEC10000EEF61 /* EditorMenuCollectionContentConfiguration.mm in Sources */ = {isa = PBXBuildFile; fileRef = 4FB039372B8CEC10000EEF61 /* EditorMenuCollectionContentConfiguration.mm */; };
		4FB338682B2A059B000321D9 /* EditorTrackSectionModel.mm in Sources */ = {isa = PBXBuildFile; fileRef = 4FB338672B2A059B000321D9 /* EditorTrackSectionModel.mm */; };
		4FB3386B2B2A05A5000321D9 /* EditorTrackItemModel.mm in Sources */ = {isa = PBXBuildFile; fileRef = 4FB3386A2B2A05A5000321D9 /* EditorTrackItemModel.mm */; };
		4FCC72F62B79EDAF0096B565 /* ProjectsViewModel.mm in Sources */ = {isa = PBXBuildFile; fileRef = 4FCC72F52B79EDAF0096B565 /* ProjectsViewModel.mm */; };
		4FCC72F92B79F3CB0096B565 /* SVProjectsManager.mm in Sources */ = {isa = PBXBuildFile; fileRef = 4FCC72F82B79F3CB0096B565 /* SVProjectsManager.mm */; };
		4FD88B292B84BE6000108C04 /* EditorRenderer.mm in Sources */ = {isa = PBXBuildFile; fileRef = 4FD88B282B84BE6000108C04 /* EditorRenderer.mm */; };
		4FD88B2B2B84C33900108C04 /* Metal.framework in Frameworks */ = {isa = PBXBuildFile; fileRef = 4FD88B2A2B84C33900108C04 /* Metal.framework */; };
		4FD88B352B84F8AF00108C04 /* SVCaption.mm in Sources */ = {isa = PBXBuildFile; fileRef = 4FD88B342B84F8AF00108C04 /* SVCaption.mm */; };
		4FD88B382B84F9B600108C04 /* SVCaptionTrack.mm in Sources */ = {isa = PBXBuildFile; fileRef = 4FD88B372B84F9B600108C04 /* SVCaptionTrack.mm */; };
		4FD88B3C2B85046D00108C04 /* SVNSAttributedStringValueTransformer.mm in Sources */ = {isa = PBXBuildFile; fileRef = 4FD88B3B2B85046D00108C04 /* SVNSAttributedStringValueTransformer.mm */; };
		4FD88B3F2B8505A800108C04 /* SVNSValueValueTransformer.mm in Sources */ = {isa = PBXBuildFile; fileRef = 4FD88B3E2B8505A800108C04 /* SVNSValueValueTransformer.mm */; };
		4FD8AD522B95F93900007EC7 /* UIView+SpatialEffect.mm in Sources */ = {isa = PBXBuildFile; fileRef = 4FD8AD512B95F93900007EC7 /* UIView+SpatialEffect.mm */; };
		4FD8AD5E2B96137E00007EC7 /* spatial_blur_overlay.png in Resources */ = {isa = PBXBuildFile; fileRef = 4FD8AD5D2B96137E00007EC7 /* spatial_blur_overlay.png */; };
		4FDC6FBA2B232995002ACAD8 /* CoreImage.framework in Frameworks */ = {isa = PBXBuildFile; fileRef = 4FDC6FB92B232995002ACAD8 /* CoreImage.framework */; };
		4FDC6FBC2B232C13002ACAD8 /* CoreGraphics.framework in Frameworks */ = {isa = PBXBuildFile; fileRef = 4FDC6FBB2B232C13002ACAD8 /* CoreGraphics.framework */; };
		4FE740022B987D1B00C75303 /* AudioSamplesExtractor.mm in Sources */ = {isa = PBXBuildFile; fileRef = 4FE740012B987D1B00C75303 /* AudioSamplesExtractor.mm */; };
		4FE8B5412B2B623700DE09C5 /* EditorService.mm in Sources */ = {isa = PBXBuildFile; fileRef = 4FE8B5402B2B623700DE09C5 /* EditorService.mm */; };
		4FE8B5442B2B71B600DE09C5 /* EditorTrackViewModel.mm in Sources */ = {isa = PBXBuildFile; fileRef = 4FE8B5432B2B71B600DE09C5 /* EditorTrackViewModel.mm */; };
		4FF3BFC92B2EE62B00937E14 /* EditorTrackVideoTrackSegmentContentView.mm in Sources */ = {isa = PBXBuildFile; fileRef = 4FF3BFC82B2EE62B00937E14 /* EditorTrackVideoTrackSegmentContentView.mm */; };
		4FF3BFDF2B2F0FC300937E14 /* EditorTrackVideoTrackSegmentContentConfiguration.mm in Sources */ = {isa = PBXBuildFile; fileRef = 4FF3BFDE2B2F0FC300937E14 /* EditorTrackVideoTrackSegmentContentConfiguration.mm */; };
		4FF3BFE32B2F1F9E00937E14 /* EditorAssetPreviewView.mm in Sources */ = {isa = PBXBuildFile; fileRef = 4FF3BFE22B2F1F9E00937E14 /* EditorAssetPreviewView.mm */; };
		4FF5FA892B1A37FE0091DF8F /* AppDelegate.mm in Sources */ = {isa = PBXBuildFile; fileRef = 4FF5FA882B1A37FE0091DF8F /* AppDelegate.mm */; };
		4FF5FA8C2B1A37FE0091DF8F /* HomeSceneDelegate.mm in Sources */ = {isa = PBXBuildFile; fileRef = 4FF5FA8B2B1A37FE0091DF8F /* HomeSceneDelegate.mm */; };
		4FF5FA942B1A37FF0091DF8F /* Assets.xcassets in Resources */ = {isa = PBXBuildFile; fileRef = 4FF5FA932B1A37FF0091DF8F /* Assets.xcassets */; };
		4FF5FA9A2B1A37FF0091DF8F /* main.mm in Sources */ = {isa = PBXBuildFile; fileRef = 4FF5FA992B1A37FF0091DF8F /* main.mm */; };
		4FF5FAA22B1A38470091DF8F /* UIKit.framework in Frameworks */ = {isa = PBXBuildFile; fileRef = 4FF5FAA12B1A38470091DF8F /* UIKit.framework */; };
		4FF5FAA52B1A3B710091DF8F /* HomeViewController.mm in Sources */ = {isa = PBXBuildFile; fileRef = 4FF5FAA42B1A3B710091DF8F /* HomeViewController.mm */; };
		4FF5FAA92B1A3E860091DF8F /* ProjectsViewController.mm in Sources */ = {isa = PBXBuildFile; fileRef = 4FF5FAA82B1A3E860091DF8F /* ProjectsViewController.mm */; };
		4FF5FAD22B1AFA3E0091DF8F /* SVVideoProject.mm in Sources */ = {isa = PBXBuildFile; fileRef = 4FF5FAD12B1AFA3E0091DF8F /* SVVideoProject.mm */; };
		4FF5FAD42B1AFA8B0091DF8F /* CoreData.framework in Frameworks */ = {isa = PBXBuildFile; fileRef = 4FF5FAD32B1AFA8B0091DF8F /* CoreData.framework */; };
		4FF5FADA2B1B0A400091DF8F /* constants.mm in Sources */ = {isa = PBXBuildFile; fileRef = 4FF5FAD92B1B0A400091DF8F /* constants.mm */; };
		4FF5FAE52B1B1E100091DF8F /* EditorViewController.mm in Sources */ = {isa = PBXBuildFile; fileRef = 4FF5FAE42B1B1E100091DF8F /* EditorViewController.mm */; };
		4FF5FAEC2B1B216C0091DF8F /* UIApplication+mrui_requestSceneWrapper.mm in Sources */ = {isa = PBXBuildFile; fileRef = 4FF5FAEA2B1B216C0091DF8F /* UIApplication+mrui_requestSceneWrapper.mm */; };
		4FF5FAF02B1B25980091DF8F /* EditorWindowSceneDelegate.mm in Sources */ = {isa = PBXBuildFile; fileRef = 4FF5FAEF2B1B25980091DF8F /* EditorWindowSceneDelegate.mm */; };
		4FF5FAF42B1B47B10091DF8F /* AVFoundation.framework in Frameworks */ = {isa = PBXBuildFile; fileRef = 4FF5FAF32B1B47B10091DF8F /* AVFoundation.framework */; };
		4FF5FB032B1B5DC50091DF8F /* CoreMedia.framework in Frameworks */ = {isa = PBXBuildFile; fileRef = 4FF5FB022B1B5DC50091DF8F /* CoreMedia.framework */; };
		4FF5FB052B1B62FF0091DF8F /* AVKit.framework in Frameworks */ = {isa = PBXBuildFile; fileRef = 4FF5FB042B1B62FF0091DF8F /* AVKit.framework */; };
		4FF5FB082B1B92920091DF8F /* EditorMenuViewController.mm in Sources */ = {isa = PBXBuildFile; fileRef = 4FF5FB072B1B92920091DF8F /* EditorMenuViewController.mm */; platformFilters = (xros, ); };
		4FF5FB0A2B1B94560091DF8F /* LaunchScreen.storyboard in Resources */ = {isa = PBXBuildFile; fileRef = 4FF5FB092B1B94560091DF8F /* LaunchScreen.storyboard */; platformFilter = ios; };
/* End PBXBuildFile section */

/* Begin PBXFileReference section */
		4F01A2DB2B2C0A6400690981 /* SVClip.hpp */ = {isa = PBXFileReference; lastKnownFileType = sourcecode.cpp.h; path = SVClip.hpp; sourceTree = "<group>"; };
		4F01A2DC2B2C0A6400690981 /* SVClip.mm */ = {isa = PBXFileReference; lastKnownFileType = sourcecode.cpp.objcpp; path = SVClip.mm; sourceTree = "<group>"; };
		4F01A2DE2B2C0B7B00690981 /* SVVideoClip.hpp */ = {isa = PBXFileReference; lastKnownFileType = sourcecode.cpp.h; path = SVVideoClip.hpp; sourceTree = "<group>"; };
		4F01A2DF2B2C0B7B00690981 /* SVVideoClip.mm */ = {isa = PBXFileReference; lastKnownFileType = sourcecode.cpp.objcpp; path = SVVideoClip.mm; sourceTree = "<group>"; };
		4F01A30A2B2C36D400690981 /* SVTrack.hpp */ = {isa = PBXFileReference; lastKnownFileType = sourcecode.cpp.h; path = SVTrack.hpp; sourceTree = "<group>"; };
		4F01A30B2B2C36D400690981 /* SVTrack.mm */ = {isa = PBXFileReference; lastKnownFileType = sourcecode.cpp.objcpp; path = SVTrack.mm; sourceTree = "<group>"; };
		4F01A30D2B2C370500690981 /* SVVideoTrack.hpp */ = {isa = PBXFileReference; lastKnownFileType = sourcecode.cpp.h; path = SVVideoTrack.hpp; sourceTree = "<group>"; };
		4F01A30E2B2C370500690981 /* SVVideoTrack.mm */ = {isa = PBXFileReference; lastKnownFileType = sourcecode.cpp.objcpp; path = SVVideoTrack.mm; sourceTree = "<group>"; };
		4F05429F2B997CA30001BDC7 /* PHPickerConfiguration+OnlyReturnsIdentifiers.hpp */ = {isa = PBXFileReference; fileEncoding = 4; lastKnownFileType = sourcecode.cpp.h; path = "PHPickerConfiguration+OnlyReturnsIdentifiers.hpp"; sourceTree = "<group>"; };
		4F0542A02B997CA30001BDC7 /* PHPickerConfiguration+OnlyReturnsIdentifiers.mm */ = {isa = PBXFileReference; fileEncoding = 4; lastKnownFileType = sourcecode.cpp.objcpp; path = "PHPickerConfiguration+OnlyReturnsIdentifiers.mm"; sourceTree = "<group>"; };
		4F0542A22B998DE20001BDC7 /* Accelerate.framework */ = {isa = PBXFileReference; lastKnownFileType = wrapper.framework; name = Accelerate.framework; path = System/Library/Frameworks/Accelerate.framework; sourceTree = SDKROOT; };
		4F05CA862B9AAE6400FEF68C /* SVNSArrayValueTransformer.hpp */ = {isa = PBXFileReference; lastKnownFileType = sourcecode.cpp.h; path = SVNSArrayValueTransformer.hpp; sourceTree = "<group>"; };
		4F05CA872B9AAE6400FEF68C /* SVNSArrayValueTransformer.mm */ = {isa = PBXFileReference; lastKnownFileType = sourcecode.cpp.objcpp; path = SVNSArrayValueTransformer.mm; sourceTree = "<group>"; };
		4F05CA892B9AB05400FEF68C /* SVAudioSamplesManager.hpp */ = {isa = PBXFileReference; lastKnownFileType = sourcecode.cpp.h; path = SVAudioSamplesManager.hpp; sourceTree = "<group>"; };
		4F05CA8A2B9AB05400FEF68C /* SVAudioSamplesManager.mm */ = {isa = PBXFileReference; lastKnownFileType = sourcecode.cpp.objcpp; path = SVAudioSamplesManager.mm; sourceTree = "<group>"; };
		4F05CA8C2B9AB0C900FEF68C /* SVAudioSample.hpp */ = {isa = PBXFileReference; lastKnownFileType = sourcecode.cpp.h; path = SVAudioSample.hpp; sourceTree = "<group>"; };
		4F05CA8D2B9AB0C900FEF68C /* SVAudioSample.mm */ = {isa = PBXFileReference; lastKnownFileType = sourcecode.cpp.objcpp; path = SVAudioSample.mm; sourceTree = "<group>"; };
		4F05CAA22B9B6ED300FEF68C /* AudioWaveformView.hpp */ = {isa = PBXFileReference; lastKnownFileType = sourcecode.cpp.h; path = AudioWaveformView.hpp; sourceTree = "<group>"; };
		4F05CAA32B9B6ED300FEF68C /* AudioWaveformView.mm */ = {isa = PBXFileReference; lastKnownFileType = sourcecode.cpp.objcpp; path = AudioWaveformView.mm; sourceTree = "<group>"; };
		4F05CAA52B9B6F1B00FEF68C /* SVRunLoop.hpp */ = {isa = PBXFileReference; lastKnownFileType = sourcecode.cpp.h; path = SVRunLoop.hpp; sourceTree = "<group>"; };
		4F05CAA62B9B6F1B00FEF68C /* SVRunLoop.mm */ = {isa = PBXFileReference; lastKnownFileType = sourcecode.cpp.objcpp; path = SVRunLoop.mm; sourceTree = "<group>"; };
		4F05CAE02B9C7B9300FEF68C /* _AudioWaveformViewLayerDelegate.hpp */ = {isa = PBXFileReference; lastKnownFileType = sourcecode.cpp.h; path = _AudioWaveformViewLayerDelegate.hpp; sourceTree = "<group>"; };
		4F05CAE12B9C7B9300FEF68C /* _AudioWaveformViewLayerDelegate.mm */ = {isa = PBXFileReference; lastKnownFileType = sourcecode.cpp.objcpp; path = _AudioWaveformViewLayerDelegate.mm; sourceTree = "<group>"; };
		4F05CAF72B9CC12800FEF68C /* EditorTrackAudioTrackSegmentContentConfiguration.hpp */ = {isa = PBXFileReference; lastKnownFileType = sourcecode.cpp.h; path = EditorTrackAudioTrackSegmentContentConfiguration.hpp; sourceTree = "<group>"; };
		4F05CAF82B9CC12800FEF68C /* EditorTrackAudioTrackSegmentContentConfiguration.mm */ = {isa = PBXFileReference; lastKnownFileType = sourcecode.cpp.objcpp; path = EditorTrackAudioTrackSegmentContentConfiguration.mm; sourceTree = "<group>"; };
		4F05CAFA2B9CC1B300FEF68C /* EditorTrackAudioTrackSegmentContentView.hpp */ = {isa = PBXFileReference; lastKnownFileType = sourcecode.cpp.h; path = EditorTrackAudioTrackSegmentContentView.hpp; sourceTree = "<group>"; };
		4F05CAFB2B9CC1B300FEF68C /* EditorTrackAudioTrackSegmentContentView.mm */ = {isa = PBXFileReference; lastKnownFileType = sourcecode.cpp.objcpp; path = EditorTrackAudioTrackSegmentContentView.mm; sourceTree = "<group>"; };
		4F05CAFD2B9D9D1C00FEF68C /* ImageIO.framework */ = {isa = PBXFileReference; lastKnownFileType = wrapper.framework; name = ImageIO.framework; path = System/Library/Frameworks/ImageIO.framework; sourceTree = SDKROOT; };
		4F05CAFF2B9D9E1F00FEF68C /* ProjectsCollectionViewLayout.hpp */ = {isa = PBXFileReference; lastKnownFileType = sourcecode.cpp.h; path = ProjectsCollectionViewLayout.hpp; sourceTree = "<group>"; };
		4F05CB002B9D9E1F00FEF68C /* ProjectsCollectionViewLayout.mm */ = {isa = PBXFileReference; lastKnownFileType = sourcecode.cpp.objcpp; path = ProjectsCollectionViewLayout.mm; sourceTree = "<group>"; };
		4F05CB032B9DA23E00FEF68C /* ProjectsCollectionContentConfiguration.hpp */ = {isa = PBXFileReference; lastKnownFileType = sourcecode.cpp.h; path = ProjectsCollectionContentConfiguration.hpp; sourceTree = "<group>"; };
		4F05CB042B9DA23E00FEF68C /* ProjectsCollectionContentConfiguration.mm */ = {isa = PBXFileReference; lastKnownFileType = sourcecode.cpp.objcpp; path = ProjectsCollectionContentConfiguration.mm; sourceTree = "<group>"; };
		4F05CB062B9DA24A00FEF68C /* ProjectsCollectionContentView.hpp */ = {isa = PBXFileReference; lastKnownFileType = sourcecode.cpp.h; path = ProjectsCollectionContentView.hpp; sourceTree = "<group>"; };
		4F05CB072B9DA24A00FEF68C /* ProjectsCollectionContentView.mm */ = {isa = PBXFileReference; lastKnownFileType = sourcecode.cpp.objcpp; path = ProjectsCollectionContentView.mm; sourceTree = "<group>"; };
		4F05CB0A2B9DCF0900FEF68C /* EditorExportButtonViewController.hpp */ = {isa = PBXFileReference; lastKnownFileType = sourcecode.cpp.h; path = EditorExportButtonViewController.hpp; sourceTree = "<group>"; };
		4F05CB0B2B9DCF0900FEF68C /* EditorExportButtonViewController.mm */ = {isa = PBXFileReference; lastKnownFileType = sourcecode.cpp.objcpp; path = EditorExportButtonViewController.mm; sourceTree = "<group>"; };
		4F05CB0D2B9DD38500FEF68C /* NSObject+Foundation_IvarDescription.mm */ = {isa = PBXFileReference; fileEncoding = 4; lastKnownFileType = sourcecode.cpp.objcpp; path = "NSObject+Foundation_IvarDescription.mm"; sourceTree = "<group>"; };
		4F05CB0E2B9DD38500FEF68C /* NSObject+Foundation_IvarDescription.h */ = {isa = PBXFileReference; fileEncoding = 4; lastKnownFileType = sourcecode.c.h; path = "NSObject+Foundation_IvarDescription.h"; sourceTree = "<group>"; };
		4F05CB102B9DD74D00FEF68C /* UIViewController+PlatterOrnament.hpp */ = {isa = PBXFileReference; lastKnownFileType = sourcecode.cpp.h; path = "UIViewController+PlatterOrnament.hpp"; sourceTree = "<group>"; };
		4F05CB112B9DD74D00FEF68C /* UIViewController+PlatterOrnament.mm */ = {isa = PBXFileReference; lastKnownFileType = sourcecode.cpp.objcpp; path = "UIViewController+PlatterOrnament.mm"; sourceTree = "<group>"; };
		4F05CB132B9DDC6C00FEF68C /* KeyValueObservation.h */ = {isa = PBXFileReference; fileEncoding = 4; lastKnownFileType = sourcecode.c.h; path = KeyValueObservation.h; sourceTree = "<group>"; };
		4F05CB142B9DDC6C00FEF68C /* KeyValueObservation.m */ = {isa = PBXFileReference; fileEncoding = 4; lastKnownFileType = sourcecode.c.objc; path = KeyValueObservation.m; sourceTree = "<group>"; };
		4F05CB152B9DDC6C00FEF68C /* KeyValueObservation+Private.h */ = {isa = PBXFileReference; fileEncoding = 4; lastKnownFileType = sourcecode.c.h; path = "KeyValueObservation+Private.h"; sourceTree = "<group>"; };
		4F05CB162B9DDC6C00FEF68C /* NSObject+KeyValueObservation.h */ = {isa = PBXFileReference; fileEncoding = 4; lastKnownFileType = sourcecode.c.h; path = "NSObject+KeyValueObservation.h"; sourceTree = "<group>"; };
		4F05CB172B9DDC6C00FEF68C /* NSObject+KeyValueObservation.m */ = {isa = PBXFileReference; fileEncoding = 4; lastKnownFileType = sourcecode.c.objc; path = "NSObject+KeyValueObservation.m"; sourceTree = "<group>"; };
		4F05CB1E2B9DDE1900FEF68C /* NSValue+WeakObjectValue.hpp */ = {isa = PBXFileReference; lastKnownFileType = sourcecode.cpp.h; path = "NSValue+WeakObjectValue.hpp"; sourceTree = "<group>"; };
		4F05CB1F2B9DDE1900FEF68C /* NSValue+WeakObjectValue.mm */ = {isa = PBXFileReference; lastKnownFileType = sourcecode.cpp.objcpp; path = "NSValue+WeakObjectValue.mm"; sourceTree = "<group>"; };
		4F05CB222B9E0CD000FEF68C /* SettingsViewController.hpp */ = {isa = PBXFileReference; lastKnownFileType = sourcecode.cpp.h; path = SettingsViewController.hpp; sourceTree = "<group>"; };
		4F05CB232B9E0CD000FEF68C /* SettingsViewController.mm */ = {isa = PBXFileReference; lastKnownFileType = sourcecode.cpp.objcpp; path = SettingsViewController.mm; sourceTree = "<group>"; };
		4F05CB252B9E0FB300FEF68C /* SettingsViewModel.hpp */ = {isa = PBXFileReference; lastKnownFileType = sourcecode.cpp.h; path = SettingsViewModel.hpp; sourceTree = "<group>"; };
		4F05CB262B9E0FB300FEF68C /* SettingsViewModel.mm */ = {isa = PBXFileReference; lastKnownFileType = sourcecode.cpp.objcpp; path = SettingsViewModel.mm; sourceTree = "<group>"; };
		4F06E3852B23694F0038F494 /* ImageUtils.hpp */ = {isa = PBXFileReference; lastKnownFileType = sourcecode.cpp.h; path = ImageUtils.hpp; sourceTree = "<group>"; };
		4F06E3862B23694F0038F494 /* ImageUtils.mm */ = {isa = PBXFileReference; lastKnownFileType = sourcecode.cpp.objcpp; path = ImageUtils.mm; sourceTree = "<group>"; };
		4F06E3F72B24C6D70038F494 /* UIAlertController+SetCustomView.hpp */ = {isa = PBXFileReference; lastKnownFileType = sourcecode.cpp.h; path = "UIAlertController+SetCustomView.hpp"; sourceTree = "<group>"; };
		4F06E3F82B24C6D70038F494 /* UIAlertController+SetCustomView.mm */ = {isa = PBXFileReference; lastKnownFileType = sourcecode.cpp.objcpp; path = "UIAlertController+SetCustomView.mm"; sourceTree = "<group>"; };
		4F06E3FA2B24C80C0038F494 /* UIAlertController+Private.h */ = {isa = PBXFileReference; lastKnownFileType = sourcecode.c.h; path = "UIAlertController+Private.h"; sourceTree = "<group>"; };
		4F06E41A2B24D5AA0038F494 /* UIProgressView+Private.h */ = {isa = PBXFileReference; lastKnownFileType = sourcecode.c.h; path = "UIProgressView+Private.h"; sourceTree = "<group>"; };
		4F0A20E32B20ABD8003208EC /* SVPHAssetFootage.hpp */ = {isa = PBXFileReference; lastKnownFileType = sourcecode.cpp.h; path = SVPHAssetFootage.hpp; sourceTree = "<group>"; };
		4F0A20E42B20ABD8003208EC /* SVPHAssetFootage.mm */ = {isa = PBXFileReference; lastKnownFileType = sourcecode.cpp.objcpp; path = SVPHAssetFootage.mm; sourceTree = "<group>"; };
		4F0A20E62B20AD6A003208EC /* SVFootage.hpp */ = {isa = PBXFileReference; lastKnownFileType = sourcecode.cpp.h; path = SVFootage.hpp; sourceTree = "<group>"; };
		4F0A20E72B20AD6A003208EC /* SVFootage.mm */ = {isa = PBXFileReference; lastKnownFileType = sourcecode.cpp.objcpp; path = SVFootage.mm; sourceTree = "<group>"; };
		4F0A210B2B20B315003208EC /* Photos.framework */ = {isa = PBXFileReference; lastKnownFileType = wrapper.framework; name = Photos.framework; path = System/Library/Frameworks/Photos.framework; sourceTree = SDKROOT; };
		4F0A210D2B20B319003208EC /* PhotosUI.framework */ = {isa = PBXFileReference; lastKnownFileType = wrapper.framework; name = PhotosUI.framework; path = System/Library/Frameworks/PhotosUI.framework; sourceTree = SDKROOT; };
		4F23F25C2B2750D600EC09EC /* PHImageManager+RequestAVAssets.hpp */ = {isa = PBXFileReference; lastKnownFileType = sourcecode.cpp.h; path = "PHImageManager+RequestAVAssets.hpp"; sourceTree = "<group>"; };
		4F23F25D2B2750D600EC09EC /* PHImageManager+RequestAVAssets.mm */ = {isa = PBXFileReference; lastKnownFileType = sourcecode.cpp.objcpp; path = "PHImageManager+RequestAVAssets.mm"; sourceTree = "<group>"; };
		4F4DFCD42B7A31AB0018F98E /* QuartzCore.framework */ = {isa = PBXFileReference; lastKnownFileType = wrapper.framework; name = QuartzCore.framework; path = System/Library/Frameworks/QuartzCore.framework; sourceTree = SDKROOT; };
		4F4DFCD62B7A6B640018F98E /* _EditorAssetPreviewLayerDelegate.hpp */ = {isa = PBXFileReference; lastKnownFileType = sourcecode.cpp.h; path = _EditorAssetPreviewLayerDelegate.hpp; sourceTree = "<group>"; };
		4F4DFCD72B7A6B640018F98E /* _EditorAssetPreviewLayerDelegate.mm */ = {isa = PBXFileReference; lastKnownFileType = sourcecode.cpp.objcpp; path = _EditorAssetPreviewLayerDelegate.mm; sourceTree = "<group>"; };
		4F6940582B7E3E8500DF0907 /* NSCollectionLayoutDecorationItem+Private.h */ = {isa = PBXFileReference; lastKnownFileType = sourcecode.c.h; path = "NSCollectionLayoutDecorationItem+Private.h"; sourceTree = "<group>"; };
		4F6940592B7E57A300DF0907 /* EditorTrackCenterLineCollectionReusableView.hpp */ = {isa = PBXFileReference; lastKnownFileType = sourcecode.cpp.h; path = EditorTrackCenterLineCollectionReusableView.hpp; sourceTree = "<group>"; };
		4F69405A2B7E57A300DF0907 /* EditorTrackCenterLineCollectionReusableView.mm */ = {isa = PBXFileReference; lastKnownFileType = sourcecode.cpp.objcpp; path = EditorTrackCenterLineCollectionReusableView.mm; sourceTree = "<group>"; };
		4F69405C2B7E5D7200DF0907 /* NSCollectionLayoutSection+Private.h */ = {isa = PBXFileReference; lastKnownFileType = sourcecode.c.h; path = "NSCollectionLayoutSection+Private.h"; sourceTree = "<group>"; };
		4F6940862B7E72F100DF0907 /* NSCollectionLayoutItem+Private.h */ = {isa = PBXFileReference; lastKnownFileType = sourcecode.c.h; path = "NSCollectionLayoutItem+Private.h"; sourceTree = "<group>"; };
		4F74EC6E2B862A2400626EB4 /* EditorRenderElement.hpp */ = {isa = PBXFileReference; lastKnownFileType = sourcecode.cpp.h; path = EditorRenderElement.hpp; sourceTree = "<group>"; };
		4F74EC6F2B862A2400626EB4 /* EditorRenderElement.mm */ = {isa = PBXFileReference; lastKnownFileType = sourcecode.cpp.objcpp; path = EditorRenderElement.mm; sourceTree = "<group>"; };
		4F74EC712B862A4300626EB4 /* EditorRenderCaption.hpp */ = {isa = PBXFileReference; lastKnownFileType = sourcecode.cpp.h; path = EditorRenderCaption.hpp; sourceTree = "<group>"; };
		4F74EC722B862A4300626EB4 /* EditorRenderCaption.mm */ = {isa = PBXFileReference; lastKnownFileType = sourcecode.cpp.objcpp; path = EditorRenderCaption.mm; sourceTree = "<group>"; };
		4F74EC742B863B4700626EB4 /* UIAlertAction+Private.h */ = {isa = PBXFileReference; lastKnownFileType = sourcecode.c.h; path = "UIAlertAction+Private.h"; sourceTree = "<group>"; };
		4F7851AB2B91D2E60012F441 /* EditorService+Private.hpp */ = {isa = PBXFileReference; lastKnownFileType = sourcecode.cpp.h; path = "EditorService+Private.hpp"; sourceTree = "<group>"; };
		4F7851AC2B91D2E60012F441 /* EditorService+Private.mm */ = {isa = PBXFileReference; lastKnownFileType = sourcecode.cpp.objcpp; path = "EditorService+Private.mm"; sourceTree = "<group>"; };
		4F7851AE2B91D8D50012F441 /* EditorService+Caption.hpp */ = {isa = PBXFileReference; lastKnownFileType = sourcecode.cpp.h; path = "EditorService+Caption.hpp"; sourceTree = "<group>"; };
		4F7851AF2B91D8D50012F441 /* EditorService+Caption.mm */ = {isa = PBXFileReference; lastKnownFileType = sourcecode.cpp.objcpp; path = "EditorService+Caption.mm"; sourceTree = "<group>"; };
		4F7851B12B91DA2D0012F441 /* EditorService+AudioClip.hpp */ = {isa = PBXFileReference; lastKnownFileType = sourcecode.cpp.h; path = "EditorService+AudioClip.hpp"; sourceTree = "<group>"; };
		4F7851B22B91DA2D0012F441 /* EditorService+AudioClip.mm */ = {isa = PBXFileReference; lastKnownFileType = sourcecode.cpp.objcpp; path = "EditorService+AudioClip.mm"; sourceTree = "<group>"; };
		4F7851C72B91F2610012F441 /* AVAsset+Private.h */ = {isa = PBXFileReference; lastKnownFileType = sourcecode.c.h; path = "AVAsset+Private.h"; sourceTree = "<group>"; };
		4F8BCD592B28B52C0086EDA8 /* EditorTrackViewController.hpp */ = {isa = PBXFileReference; lastKnownFileType = sourcecode.cpp.h; path = EditorTrackViewController.hpp; sourceTree = "<group>"; };
		4F8BCD5A2B28B52C0086EDA8 /* EditorTrackViewController.mm */ = {isa = PBXFileReference; lastKnownFileType = sourcecode.cpp.objcpp; path = EditorTrackViewController.mm; sourceTree = "<group>"; };
		4F93FE972B8E3A7B005782EC /* EditorPlayerViewController.hpp */ = {isa = PBXFileReference; lastKnownFileType = sourcecode.cpp.h; path = EditorPlayerViewController.hpp; sourceTree = "<group>"; };
		4F93FE982B8E3A7B005782EC /* EditorPlayerViewController.mm */ = {isa = PBXFileReference; lastKnownFileType = sourcecode.cpp.objcpp; path = EditorPlayerViewController.mm; sourceTree = "<group>"; };
		4F9AC4FF2B8789F600C67DA8 /* EditorTrackCollectionViewLayout.hpp */ = {isa = PBXFileReference; lastKnownFileType = sourcecode.cpp.h; path = EditorTrackCollectionViewLayout.hpp; sourceTree = "<group>"; };
		4F9AC5002B8789F600C67DA8 /* EditorTrackCollectionViewLayout.mm */ = {isa = PBXFileReference; lastKnownFileType = sourcecode.cpp.objcpp; path = EditorTrackCollectionViewLayout.mm; sourceTree = "<group>"; };
		4F9AC5022B87A64E00C67DA8 /* EditorMenuViewModel.hpp */ = {isa = PBXFileReference; lastKnownFileType = sourcecode.cpp.h; path = EditorMenuViewModel.hpp; sourceTree = "<group>"; };
		4F9AC5032B87A64E00C67DA8 /* EditorMenuViewModel.mm */ = {isa = PBXFileReference; lastKnownFileType = sourcecode.cpp.objcpp; path = EditorMenuViewModel.mm; sourceTree = "<group>"; };
		4F9AC5052B87A78B00C67DA8 /* EditorMenuItemModel.hpp */ = {isa = PBXFileReference; lastKnownFileType = sourcecode.cpp.h; path = EditorMenuItemModel.hpp; sourceTree = "<group>"; };
		4F9AC5062B87A78B00C67DA8 /* EditorMenuItemModel.mm */ = {isa = PBXFileReference; lastKnownFileType = sourcecode.cpp.objcpp; path = EditorMenuItemModel.mm; sourceTree = "<group>"; };
		4F9AC5082B87A79800C67DA8 /* EditorMenuSectionModel.hpp */ = {isa = PBXFileReference; lastKnownFileType = sourcecode.cpp.h; path = EditorMenuSectionModel.hpp; sourceTree = "<group>"; };
		4F9AC5092B87A79800C67DA8 /* EditorMenuSectionModel.mm */ = {isa = PBXFileReference; lastKnownFileType = sourcecode.cpp.objcpp; path = EditorMenuSectionModel.mm; sourceTree = "<group>"; };
		4F9AC50B2B87A99100C67DA8 /* EditorMenuCollectionViewLayout.hpp */ = {isa = PBXFileReference; lastKnownFileType = sourcecode.cpp.h; path = EditorMenuCollectionViewLayout.hpp; sourceTree = "<group>"; };
		4F9AC50C2B87A99100C67DA8 /* EditorMenuCollectionViewLayout.mm */ = {isa = PBXFileReference; lastKnownFileType = sourcecode.cpp.objcpp; path = EditorMenuCollectionViewLayout.mm; sourceTree = "<group>"; };
		4F9AC50E2B87B90700C67DA8 /* UICollectionView+Private.h */ = {isa = PBXFileReference; lastKnownFileType = sourcecode.c.h; path = "UICollectionView+Private.h"; sourceTree = "<group>"; };
		4FAEA3D02B8F9DDA007A3F4B /* EditorService+VideoClip.hpp */ = {isa = PBXFileReference; lastKnownFileType = sourcecode.cpp.h; path = "EditorService+VideoClip.hpp"; sourceTree = "<group>"; };
		4FAEA3D12B8F9DDA007A3F4B /* EditorService+VideoClip.mm */ = {isa = PBXFileReference; lastKnownFileType = sourcecode.cpp.objcpp; path = "EditorService+VideoClip.mm"; sourceTree = "<group>"; };
		4FB039272B8B72F0000EEF61 /* SVAudioTrack.hpp */ = {isa = PBXFileReference; lastKnownFileType = sourcecode.cpp.h; path = SVAudioTrack.hpp; sourceTree = "<group>"; };
		4FB039282B8B72F0000EEF61 /* SVAudioTrack.mm */ = {isa = PBXFileReference; lastKnownFileType = sourcecode.cpp.objcpp; path = SVAudioTrack.mm; sourceTree = "<group>"; };
		4FB0392A2B8B7333000EEF61 /* SVAudioClip.hpp */ = {isa = PBXFileReference; lastKnownFileType = sourcecode.cpp.h; path = SVAudioClip.hpp; sourceTree = "<group>"; };
		4FB0392B2B8B7333000EEF61 /* SVAudioClip.mm */ = {isa = PBXFileReference; lastKnownFileType = sourcecode.cpp.objcpp; path = SVAudioClip.mm; sourceTree = "<group>"; };
		4FB0392D2B8B7CA2000EEF61 /* SVLocalFileFootage.hpp */ = {isa = PBXFileReference; lastKnownFileType = sourcecode.cpp.h; path = SVLocalFileFootage.hpp; sourceTree = "<group>"; };
		4FB0392E2B8B7CA2000EEF61 /* SVLocalFileFootage.mm */ = {isa = PBXFileReference; lastKnownFileType = sourcecode.cpp.objcpp; path = SVLocalFileFootage.mm; sourceTree = "<group>"; };
		4FB039302B8BA723000EEF61 /* UniformTypeIdentifiers.framework */ = {isa = PBXFileReference; lastKnownFileType = wrapper.framework; name = UniformTypeIdentifiers.framework; path = System/Library/Frameworks/UniformTypeIdentifiers.framework; sourceTree = SDKROOT; };
		4FB039322B8CEA7E000EEF61 /* EditorMenuCollectionContentView.hpp */ = {isa = PBXFileReference; lastKnownFileType = sourcecode.cpp.h; path = EditorMenuCollectionContentView.hpp; sourceTree = "<group>"; };
		4FB039332B8CEA7E000EEF61 /* EditorMenuCollectionContentView.mm */ = {isa = PBXFileReference; lastKnownFileType = sourcecode.cpp.objcpp; path = EditorMenuCollectionContentView.mm; sourceTree = "<group>"; };
		4FB039362B8CEC10000EEF61 /* EditorMenuCollectionContentConfiguration.hpp */ = {isa = PBXFileReference; lastKnownFileType = sourcecode.cpp.h; path = EditorMenuCollectionContentConfiguration.hpp; sourceTree = "<group>"; };
		4FB039372B8CEC10000EEF61 /* EditorMenuCollectionContentConfiguration.mm */ = {isa = PBXFileReference; lastKnownFileType = sourcecode.cpp.objcpp; path = EditorMenuCollectionContentConfiguration.mm; sourceTree = "<group>"; };
		4FB338662B2A059B000321D9 /* EditorTrackSectionModel.hpp */ = {isa = PBXFileReference; lastKnownFileType = sourcecode.cpp.h; path = EditorTrackSectionModel.hpp; sourceTree = "<group>"; };
		4FB338672B2A059B000321D9 /* EditorTrackSectionModel.mm */ = {isa = PBXFileReference; lastKnownFileType = sourcecode.cpp.objcpp; path = EditorTrackSectionModel.mm; sourceTree = "<group>"; };
		4FB338692B2A05A5000321D9 /* EditorTrackItemModel.hpp */ = {isa = PBXFileReference; lastKnownFileType = sourcecode.cpp.h; path = EditorTrackItemModel.hpp; sourceTree = "<group>"; };
		4FB3386A2B2A05A5000321D9 /* EditorTrackItemModel.mm */ = {isa = PBXFileReference; lastKnownFileType = sourcecode.cpp.objcpp; path = EditorTrackItemModel.mm; sourceTree = "<group>"; };
		4FCC72F32B79E9C00096B565 /* PHPhotoLibrary+Private.h */ = {isa = PBXFileReference; lastKnownFileType = sourcecode.c.h; path = "PHPhotoLibrary+Private.h"; sourceTree = "<group>"; };
		4FCC72F42B79EDAF0096B565 /* ProjectsViewModel.hpp */ = {isa = PBXFileReference; lastKnownFileType = sourcecode.cpp.h; path = ProjectsViewModel.hpp; sourceTree = "<group>"; };
		4FCC72F52B79EDAF0096B565 /* ProjectsViewModel.mm */ = {isa = PBXFileReference; lastKnownFileType = sourcecode.cpp.objcpp; path = ProjectsViewModel.mm; sourceTree = "<group>"; };
		4FCC72F72B79F3CB0096B565 /* SVProjectsManager.hpp */ = {isa = PBXFileReference; lastKnownFileType = sourcecode.cpp.h; path = SVProjectsManager.hpp; sourceTree = "<group>"; };
		4FCC72F82B79F3CB0096B565 /* SVProjectsManager.mm */ = {isa = PBXFileReference; lastKnownFileType = sourcecode.cpp.objcpp; path = SVProjectsManager.mm; sourceTree = "<group>"; };
		4FD88B272B84BE6000108C04 /* EditorRenderer.hpp */ = {isa = PBXFileReference; lastKnownFileType = sourcecode.cpp.h; path = EditorRenderer.hpp; sourceTree = "<group>"; };
		4FD88B282B84BE6000108C04 /* EditorRenderer.mm */ = {isa = PBXFileReference; lastKnownFileType = sourcecode.cpp.objcpp; path = EditorRenderer.mm; sourceTree = "<group>"; };
		4FD88B2A2B84C33900108C04 /* Metal.framework */ = {isa = PBXFileReference; lastKnownFileType = wrapper.framework; name = Metal.framework; path = System/Library/Frameworks/Metal.framework; sourceTree = SDKROOT; };
		4FD88B332B84F8AF00108C04 /* SVCaption.hpp */ = {isa = PBXFileReference; lastKnownFileType = sourcecode.cpp.h; path = SVCaption.hpp; sourceTree = "<group>"; };
		4FD88B342B84F8AF00108C04 /* SVCaption.mm */ = {isa = PBXFileReference; lastKnownFileType = sourcecode.cpp.objcpp; path = SVCaption.mm; sourceTree = "<group>"; };
		4FD88B362B84F9B600108C04 /* SVCaptionTrack.hpp */ = {isa = PBXFileReference; lastKnownFileType = sourcecode.cpp.h; path = SVCaptionTrack.hpp; sourceTree = "<group>"; };
		4FD88B372B84F9B600108C04 /* SVCaptionTrack.mm */ = {isa = PBXFileReference; lastKnownFileType = sourcecode.cpp.objcpp; path = SVCaptionTrack.mm; sourceTree = "<group>"; };
		4FD88B3A2B85046D00108C04 /* SVNSAttributedStringValueTransformer.hpp */ = {isa = PBXFileReference; lastKnownFileType = sourcecode.cpp.h; path = SVNSAttributedStringValueTransformer.hpp; sourceTree = "<group>"; };
		4FD88B3B2B85046D00108C04 /* SVNSAttributedStringValueTransformer.mm */ = {isa = PBXFileReference; lastKnownFileType = sourcecode.cpp.objcpp; path = SVNSAttributedStringValueTransformer.mm; sourceTree = "<group>"; };
		4FD88B3D2B8505A800108C04 /* SVNSValueValueTransformer.hpp */ = {isa = PBXFileReference; lastKnownFileType = sourcecode.cpp.h; path = SVNSValueValueTransformer.hpp; sourceTree = "<group>"; };
		4FD88B3E2B8505A800108C04 /* SVNSValueValueTransformer.mm */ = {isa = PBXFileReference; lastKnownFileType = sourcecode.cpp.objcpp; path = SVNSValueValueTransformer.mm; sourceTree = "<group>"; };
		4FD88B402B85C2C400108C04 /* UIView+Private.h */ = {isa = PBXFileReference; lastKnownFileType = sourcecode.c.h; path = "UIView+Private.h"; sourceTree = "<group>"; };
		4FD8AD502B95F93900007EC7 /* UIView+SpatialEffect.hpp */ = {isa = PBXFileReference; lastKnownFileType = sourcecode.cpp.h; path = "UIView+SpatialEffect.hpp"; sourceTree = "<group>"; };
		4FD8AD512B95F93900007EC7 /* UIView+SpatialEffect.mm */ = {isa = PBXFileReference; lastKnownFileType = sourcecode.cpp.objcpp; path = "UIView+SpatialEffect.mm"; sourceTree = "<group>"; };
		4FD8AD5D2B96137E00007EC7 /* spatial_blur_overlay.png */ = {isa = PBXFileReference; lastKnownFileType = image.png; path = spatial_blur_overlay.png; sourceTree = "<group>"; };
		4FDC6FB92B232995002ACAD8 /* CoreImage.framework */ = {isa = PBXFileReference; lastKnownFileType = wrapper.framework; name = CoreImage.framework; path = System/Library/Frameworks/CoreImage.framework; sourceTree = SDKROOT; };
		4FDC6FBB2B232C13002ACAD8 /* CoreGraphics.framework */ = {isa = PBXFileReference; lastKnownFileType = wrapper.framework; name = CoreGraphics.framework; path = System/Library/Frameworks/CoreGraphics.framework; sourceTree = SDKROOT; };
		4FE006002B7D226D004E3737 /* UIScrollView+Private.h */ = {isa = PBXFileReference; lastKnownFileType = sourcecode.c.h; path = "UIScrollView+Private.h"; sourceTree = "<group>"; };
		4FE740002B987D1B00C75303 /* AudioSamplesExtractor.hpp */ = {isa = PBXFileReference; lastKnownFileType = sourcecode.cpp.h; path = AudioSamplesExtractor.hpp; sourceTree = "<group>"; };
		4FE740012B987D1B00C75303 /* AudioSamplesExtractor.mm */ = {isa = PBXFileReference; lastKnownFileType = sourcecode.cpp.objcpp; path = AudioSamplesExtractor.mm; sourceTree = "<group>"; };
		4FE8B53F2B2B623700DE09C5 /* EditorService.hpp */ = {isa = PBXFileReference; lastKnownFileType = sourcecode.cpp.h; path = EditorService.hpp; sourceTree = "<group>"; };
		4FE8B5402B2B623700DE09C5 /* EditorService.mm */ = {isa = PBXFileReference; lastKnownFileType = sourcecode.cpp.objcpp; path = EditorService.mm; sourceTree = "<group>"; };
		4FE8B5422B2B71B600DE09C5 /* EditorTrackViewModel.hpp */ = {isa = PBXFileReference; lastKnownFileType = sourcecode.cpp.h; path = EditorTrackViewModel.hpp; sourceTree = "<group>"; };
		4FE8B5432B2B71B600DE09C5 /* EditorTrackViewModel.mm */ = {isa = PBXFileReference; lastKnownFileType = sourcecode.cpp.objcpp; path = EditorTrackViewModel.mm; sourceTree = "<group>"; };
		4FF3BFC72B2EE62B00937E14 /* EditorTrackVideoTrackSegmentContentView.hpp */ = {isa = PBXFileReference; lastKnownFileType = sourcecode.cpp.h; path = EditorTrackVideoTrackSegmentContentView.hpp; sourceTree = "<group>"; };
		4FF3BFC82B2EE62B00937E14 /* EditorTrackVideoTrackSegmentContentView.mm */ = {isa = PBXFileReference; lastKnownFileType = sourcecode.cpp.objcpp; path = EditorTrackVideoTrackSegmentContentView.mm; sourceTree = "<group>"; };
		4FF3BFDD2B2F0FC300937E14 /* EditorTrackVideoTrackSegmentContentConfiguration.hpp */ = {isa = PBXFileReference; lastKnownFileType = sourcecode.cpp.h; path = EditorTrackVideoTrackSegmentContentConfiguration.hpp; sourceTree = "<group>"; };
		4FF3BFDE2B2F0FC300937E14 /* EditorTrackVideoTrackSegmentContentConfiguration.mm */ = {isa = PBXFileReference; lastKnownFileType = sourcecode.cpp.objcpp; path = EditorTrackVideoTrackSegmentContentConfiguration.mm; sourceTree = "<group>"; };
		4FF3BFE12B2F1F9E00937E14 /* EditorAssetPreviewView.hpp */ = {isa = PBXFileReference; lastKnownFileType = sourcecode.cpp.h; path = EditorAssetPreviewView.hpp; sourceTree = "<group>"; };
		4FF3BFE22B2F1F9E00937E14 /* EditorAssetPreviewView.mm */ = {isa = PBXFileReference; lastKnownFileType = sourcecode.cpp.objcpp; path = EditorAssetPreviewView.mm; sourceTree = "<group>"; };
		4FF5FA842B1A37FE0091DF8F /* SurfVideo.app */ = {isa = PBXFileReference; explicitFileType = wrapper.application; includeInIndex = 0; path = SurfVideo.app; sourceTree = BUILT_PRODUCTS_DIR; };
		4FF5FA872B1A37FE0091DF8F /* AppDelegate.hpp */ = {isa = PBXFileReference; lastKnownFileType = sourcecode.cpp.h; path = AppDelegate.hpp; sourceTree = "<group>"; };
		4FF5FA882B1A37FE0091DF8F /* AppDelegate.mm */ = {isa = PBXFileReference; lastKnownFileType = sourcecode.cpp.objcpp; path = AppDelegate.mm; sourceTree = "<group>"; };
		4FF5FA8A2B1A37FE0091DF8F /* HomeSceneDelegate.hpp */ = {isa = PBXFileReference; lastKnownFileType = sourcecode.cpp.h; path = HomeSceneDelegate.hpp; sourceTree = "<group>"; };
		4FF5FA8B2B1A37FE0091DF8F /* HomeSceneDelegate.mm */ = {isa = PBXFileReference; lastKnownFileType = sourcecode.cpp.objcpp; path = HomeSceneDelegate.mm; sourceTree = "<group>"; };
		4FF5FA932B1A37FF0091DF8F /* Assets.xcassets */ = {isa = PBXFileReference; lastKnownFileType = folder.assetcatalog; path = Assets.xcassets; sourceTree = "<group>"; };
		4FF5FA982B1A37FF0091DF8F /* Info.plist */ = {isa = PBXFileReference; lastKnownFileType = text.plist.xml; path = Info.plist; sourceTree = "<group>"; };
		4FF5FA992B1A37FF0091DF8F /* main.mm */ = {isa = PBXFileReference; lastKnownFileType = sourcecode.cpp.objcpp; path = main.mm; sourceTree = "<group>"; };
		4FF5FAA12B1A38470091DF8F /* UIKit.framework */ = {isa = PBXFileReference; lastKnownFileType = wrapper.framework; name = UIKit.framework; path = System/Library/Frameworks/UIKit.framework; sourceTree = SDKROOT; };
		4FF5FAA32B1A3B710091DF8F /* HomeViewController.hpp */ = {isa = PBXFileReference; lastKnownFileType = sourcecode.cpp.h; path = HomeViewController.hpp; sourceTree = "<group>"; };
		4FF5FAA42B1A3B710091DF8F /* HomeViewController.mm */ = {isa = PBXFileReference; lastKnownFileType = sourcecode.cpp.objcpp; path = HomeViewController.mm; sourceTree = "<group>"; };
		4FF5FAA72B1A3E860091DF8F /* ProjectsViewController.hpp */ = {isa = PBXFileReference; lastKnownFileType = sourcecode.cpp.h; path = ProjectsViewController.hpp; sourceTree = "<group>"; };
		4FF5FAA82B1A3E860091DF8F /* ProjectsViewController.mm */ = {isa = PBXFileReference; lastKnownFileType = sourcecode.cpp.objcpp; path = ProjectsViewController.mm; sourceTree = "<group>"; };
		4FF5FAD02B1AFA3E0091DF8F /* SVVideoProject.hpp */ = {isa = PBXFileReference; lastKnownFileType = sourcecode.cpp.h; path = SVVideoProject.hpp; sourceTree = "<group>"; };
		4FF5FAD12B1AFA3E0091DF8F /* SVVideoProject.mm */ = {isa = PBXFileReference; lastKnownFileType = sourcecode.cpp.objcpp; path = SVVideoProject.mm; sourceTree = "<group>"; };
		4FF5FAD32B1AFA8B0091DF8F /* CoreData.framework */ = {isa = PBXFileReference; lastKnownFileType = wrapper.framework; name = CoreData.framework; path = System/Library/Frameworks/CoreData.framework; sourceTree = SDKROOT; };
		4FF5FAD82B1B0A2E0091DF8F /* constants.hpp */ = {isa = PBXFileReference; lastKnownFileType = sourcecode.cpp.h; path = constants.hpp; sourceTree = "<group>"; };
		4FF5FAD92B1B0A400091DF8F /* constants.mm */ = {isa = PBXFileReference; lastKnownFileType = sourcecode.cpp.objcpp; path = constants.mm; sourceTree = "<group>"; };
		4FF5FAE32B1B1E100091DF8F /* EditorViewController.hpp */ = {isa = PBXFileReference; lastKnownFileType = sourcecode.cpp.h; path = EditorViewController.hpp; sourceTree = "<group>"; };
		4FF5FAE42B1B1E100091DF8F /* EditorViewController.mm */ = {isa = PBXFileReference; lastKnownFileType = sourcecode.cpp.objcpp; path = EditorViewController.mm; sourceTree = "<group>"; };
		4FF5FAEA2B1B216C0091DF8F /* UIApplication+mrui_requestSceneWrapper.mm */ = {isa = PBXFileReference; fileEncoding = 4; lastKnownFileType = sourcecode.cpp.objcpp; path = "UIApplication+mrui_requestSceneWrapper.mm"; sourceTree = "<group>"; };
		4FF5FAEB2B1B216C0091DF8F /* UIApplication+mrui_requestSceneWrapper.hpp */ = {isa = PBXFileReference; fileEncoding = 4; lastKnownFileType = sourcecode.cpp.h; path = "UIApplication+mrui_requestSceneWrapper.hpp"; sourceTree = "<group>"; };
		4FF5FAEE2B1B25980091DF8F /* EditorWindowSceneDelegate.hpp */ = {isa = PBXFileReference; lastKnownFileType = sourcecode.cpp.h; path = EditorWindowSceneDelegate.hpp; sourceTree = "<group>"; };
		4FF5FAEF2B1B25980091DF8F /* EditorWindowSceneDelegate.mm */ = {isa = PBXFileReference; lastKnownFileType = sourcecode.cpp.objcpp; path = EditorWindowSceneDelegate.mm; sourceTree = "<group>"; };
		4FF5FAF32B1B47B10091DF8F /* AVFoundation.framework */ = {isa = PBXFileReference; lastKnownFileType = wrapper.framework; name = AVFoundation.framework; path = System/Library/Frameworks/AVFoundation.framework; sourceTree = SDKROOT; };
		4FF5FB022B1B5DC50091DF8F /* CoreMedia.framework */ = {isa = PBXFileReference; lastKnownFileType = wrapper.framework; name = CoreMedia.framework; path = System/Library/Frameworks/CoreMedia.framework; sourceTree = SDKROOT; };
		4FF5FB042B1B62FF0091DF8F /* AVKit.framework */ = {isa = PBXFileReference; lastKnownFileType = wrapper.framework; name = AVKit.framework; path = System/Library/Frameworks/AVKit.framework; sourceTree = SDKROOT; };
		4FF5FB062B1B92920091DF8F /* EditorMenuViewController.hpp */ = {isa = PBXFileReference; lastKnownFileType = sourcecode.cpp.h; path = EditorMenuViewController.hpp; sourceTree = "<group>"; };
		4FF5FB072B1B92920091DF8F /* EditorMenuViewController.mm */ = {isa = PBXFileReference; lastKnownFileType = sourcecode.cpp.objcpp; path = EditorMenuViewController.mm; sourceTree = "<group>"; };
		4FF5FB092B1B94560091DF8F /* LaunchScreen.storyboard */ = {isa = PBXFileReference; lastKnownFileType = file.storyboard; path = LaunchScreen.storyboard; sourceTree = "<group>"; };
/* End PBXFileReference section */

/* Begin PBXFrameworksBuildPhase section */
		4FF5FA812B1A37FE0091DF8F /* Frameworks */ = {
			isa = PBXFrameworksBuildPhase;
			buildActionMask = 2147483647;
			files = (
				4FB039312B8BA723000EEF61 /* UniformTypeIdentifiers.framework in Frameworks */,
				4F0542A32B998DE20001BDC7 /* Accelerate.framework in Frameworks */,
				4F05CAFE2B9D9D1C00FEF68C /* ImageIO.framework in Frameworks */,
				4F4DFCD52B7A31AB0018F98E /* QuartzCore.framework in Frameworks */,
				4FD88B2B2B84C33900108C04 /* Metal.framework in Frameworks */,
				4FF5FB032B1B5DC50091DF8F /* CoreMedia.framework in Frameworks */,
				4FF5FAA22B1A38470091DF8F /* UIKit.framework in Frameworks */,
				4FF5FB052B1B62FF0091DF8F /* AVKit.framework in Frameworks */,
				4FDC6FBC2B232C13002ACAD8 /* CoreGraphics.framework in Frameworks */,
				4FDC6FBA2B232995002ACAD8 /* CoreImage.framework in Frameworks */,
				4FF5FAD42B1AFA8B0091DF8F /* CoreData.framework in Frameworks */,
				4FF5FAF42B1B47B10091DF8F /* AVFoundation.framework in Frameworks */,
				4F0A210E2B20B319003208EC /* PhotosUI.framework in Frameworks */,
				4F0A210C2B20B315003208EC /* Photos.framework in Frameworks */,
			);
			runOnlyForDeploymentPostprocessing = 0;
		};
/* End PBXFrameworksBuildPhase section */

/* Begin PBXGroup section */
		4F01A2D92B2C0A3E00690981 /* Footage */ = {
			isa = PBXGroup;
			children = (
				4F0A20E32B20ABD8003208EC /* SVPHAssetFootage.hpp */,
				4F0A20E42B20ABD8003208EC /* SVPHAssetFootage.mm */,
				4FB0392D2B8B7CA2000EEF61 /* SVLocalFileFootage.hpp */,
				4FB0392E2B8B7CA2000EEF61 /* SVLocalFileFootage.mm */,
				4F0A20E62B20AD6A003208EC /* SVFootage.hpp */,
				4F0A20E72B20AD6A003208EC /* SVFootage.mm */,
			);
			path = Footage;
			sourceTree = "<group>";
		};
		4F01A2DA2B2C0A4A00690981 /* Clip */ = {
			isa = PBXGroup;
			children = (
				4F01A2DE2B2C0B7B00690981 /* SVVideoClip.hpp */,
				4F01A2DF2B2C0B7B00690981 /* SVVideoClip.mm */,
				4FB0392A2B8B7333000EEF61 /* SVAudioClip.hpp */,
				4FB0392B2B8B7333000EEF61 /* SVAudioClip.mm */,
				4F01A2DB2B2C0A6400690981 /* SVClip.hpp */,
				4F01A2DC2B2C0A6400690981 /* SVClip.mm */,
			);
			path = Clip;
			sourceTree = "<group>";
		};
		4F01A3092B2C36C700690981 /* Track */ = {
			isa = PBXGroup;
			children = (
				4F01A30D2B2C370500690981 /* SVVideoTrack.hpp */,
				4F01A30E2B2C370500690981 /* SVVideoTrack.mm */,
				4FB039272B8B72F0000EEF61 /* SVAudioTrack.hpp */,
				4FB039282B8B72F0000EEF61 /* SVAudioTrack.mm */,
				4FD88B362B84F9B600108C04 /* SVCaptionTrack.hpp */,
				4FD88B372B84F9B600108C04 /* SVCaptionTrack.mm */,
				4F01A30A2B2C36D400690981 /* SVTrack.hpp */,
				4F01A30B2B2C36D400690981 /* SVTrack.mm */,
			);
			path = Track;
			sourceTree = "<group>";
		};
		4F05CAF62B9CC0DC00FEF68C /* AudioTrackSegment */ = {
			isa = PBXGroup;
			children = (
				4F05CAF72B9CC12800FEF68C /* EditorTrackAudioTrackSegmentContentConfiguration.hpp */,
				4F05CAF82B9CC12800FEF68C /* EditorTrackAudioTrackSegmentContentConfiguration.mm */,
				4F05CAFA2B9CC1B300FEF68C /* EditorTrackAudioTrackSegmentContentView.hpp */,
				4F05CAFB2B9CC1B300FEF68C /* EditorTrackAudioTrackSegmentContentView.mm */,
			);
			path = AudioTrackSegment;
			sourceTree = "<group>";
		};
		4F05CB022B9D9F9600FEF68C /* Home */ = {
			isa = PBXGroup;
			children = (
				4FF5FA8A2B1A37FE0091DF8F /* HomeSceneDelegate.hpp */,
				4FF5FA8B2B1A37FE0091DF8F /* HomeSceneDelegate.mm */,
				4FF5FAA32B1A3B710091DF8F /* HomeViewController.hpp */,
				4FF5FAA42B1A3B710091DF8F /* HomeViewController.mm */,
			);
			path = Home;
			sourceTree = "<group>";
		};
		4F05CB092B9DC48F00FEF68C /* ExportButton */ = {
			isa = PBXGroup;
			children = (
				4F05CB0A2B9DCF0900FEF68C /* EditorExportButtonViewController.hpp */,
				4F05CB0B2B9DCF0900FEF68C /* EditorExportButtonViewController.mm */,
			);
			path = ExportButton;
			sourceTree = "<group>";
		};
		4F05CB182B9DDC6C00FEF68C /* KeyValueObservation */ = {
			isa = PBXGroup;
			children = (
				4F05CB132B9DDC6C00FEF68C /* KeyValueObservation.h */,
				4F05CB142B9DDC6C00FEF68C /* KeyValueObservation.m */,
				4F05CB152B9DDC6C00FEF68C /* KeyValueObservation+Private.h */,
				4F05CB162B9DDC6C00FEF68C /* NSObject+KeyValueObservation.h */,
				4F05CB172B9DDC6C00FEF68C /* NSObject+KeyValueObservation.m */,
			);
			path = KeyValueObservation;
			sourceTree = "<group>";
		};
		4F05CB212B9E0CB800FEF68C /* Settings */ = {
			isa = PBXGroup;
			children = (
				4F05CB222B9E0CD000FEF68C /* SettingsViewController.hpp */,
				4F05CB232B9E0CD000FEF68C /* SettingsViewController.mm */,
				4F05CB252B9E0FB300FEF68C /* SettingsViewModel.hpp */,
				4F05CB262B9E0FB300FEF68C /* SettingsViewModel.mm */,
			);
			path = Settings;
			sourceTree = "<group>";
		};
		4F74EC6D2B862A0100626EB4 /* Renderer */ = {
			isa = PBXGroup;
			children = (
				4FD88B272B84BE6000108C04 /* EditorRenderer.hpp */,
				4FD88B282B84BE6000108C04 /* EditorRenderer.mm */,
			);
			path = Renderer;
			sourceTree = "<group>";
		};
		4F74EC762B86634D00626EB4 /* Element */ = {
			isa = PBXGroup;
			children = (
				4F74EC6E2B862A2400626EB4 /* EditorRenderElement.hpp */,
				4F74EC6F2B862A2400626EB4 /* EditorRenderElement.mm */,
				4F74EC712B862A4300626EB4 /* EditorRenderCaption.hpp */,
				4F74EC722B862A4300626EB4 /* EditorRenderCaption.mm */,
			);
			path = Element;
			sourceTree = "<group>";
		};
		4FAEA3CC2B8F9D99007A3F4B /* Service */ = {
			isa = PBXGroup;
			children = (
				4FE8B53F2B2B623700DE09C5 /* EditorService.hpp */,
				4FE8B5402B2B623700DE09C5 /* EditorService.mm */,
				4FAEA3D02B8F9DDA007A3F4B /* EditorService+VideoClip.hpp */,
				4FAEA3D12B8F9DDA007A3F4B /* EditorService+VideoClip.mm */,
				4F7851B12B91DA2D0012F441 /* EditorService+AudioClip.hpp */,
				4F7851B22B91DA2D0012F441 /* EditorService+AudioClip.mm */,
				4F7851AE2B91D8D50012F441 /* EditorService+Caption.hpp */,
				4F7851AF2B91D8D50012F441 /* EditorService+Caption.mm */,
				4F7851AB2B91D2E60012F441 /* EditorService+Private.hpp */,
				4F7851AC2B91D2E60012F441 /* EditorService+Private.mm */,
			);
			path = Service;
			sourceTree = "<group>";
		};
		4FB039352B8CEC03000EEF61 /* CollectionContent */ = {
			isa = PBXGroup;
			children = (
				4FB039362B8CEC10000EEF61 /* EditorMenuCollectionContentConfiguration.hpp */,
				4FB039372B8CEC10000EEF61 /* EditorMenuCollectionContentConfiguration.mm */,
				4FB039322B8CEA7E000EEF61 /* EditorMenuCollectionContentView.hpp */,
				4FB039332B8CEA7E000EEF61 /* EditorMenuCollectionContentView.mm */,
			);
			path = CollectionContent;
			sourceTree = "<group>";
		};
		4FB338632B2A056E000321D9 /* Track */ = {
			isa = PBXGroup;
			children = (
				4F8BCD592B28B52C0086EDA8 /* EditorTrackViewController.hpp */,
				4F8BCD5A2B28B52C0086EDA8 /* EditorTrackViewController.mm */,
				4F9AC4FF2B8789F600C67DA8 /* EditorTrackCollectionViewLayout.hpp */,
				4F9AC5002B8789F600C67DA8 /* EditorTrackCollectionViewLayout.mm */,
				4FE8B5422B2B71B600DE09C5 /* EditorTrackViewModel.hpp */,
				4FE8B5432B2B71B600DE09C5 /* EditorTrackViewModel.mm */,
				4FB338662B2A059B000321D9 /* EditorTrackSectionModel.hpp */,
				4FB338672B2A059B000321D9 /* EditorTrackSectionModel.mm */,
				4FB338692B2A05A5000321D9 /* EditorTrackItemModel.hpp */,
				4FB3386A2B2A05A5000321D9 /* EditorTrackItemModel.mm */,
				4F6940592B7E57A300DF0907 /* EditorTrackCenterLineCollectionReusableView.hpp */,
				4F69405A2B7E57A300DF0907 /* EditorTrackCenterLineCollectionReusableView.mm */,
				4FE005FF2B7CC0B1004E3737 /* VideoTrackSegment */,
				4F05CAF62B9CC0DC00FEF68C /* AudioTrackSegment */,
			);
			path = Track;
			sourceTree = "<group>";
		};
		4FB338642B2A0575000321D9 /* Player */ = {
			isa = PBXGroup;
			children = (
				4F93FE972B8E3A7B005782EC /* EditorPlayerViewController.hpp */,
				4F93FE982B8E3A7B005782EC /* EditorPlayerViewController.mm */,
			);
			path = Player;
			sourceTree = "<group>";
		};
		4FB338652B2A057D000321D9 /* Menu */ = {
			isa = PBXGroup;
			children = (
				4FF5FB062B1B92920091DF8F /* EditorMenuViewController.hpp */,
				4FF5FB072B1B92920091DF8F /* EditorMenuViewController.mm */,
				4F9AC5022B87A64E00C67DA8 /* EditorMenuViewModel.hpp */,
				4F9AC5032B87A64E00C67DA8 /* EditorMenuViewModel.mm */,
				4F9AC5082B87A79800C67DA8 /* EditorMenuSectionModel.hpp */,
				4F9AC5092B87A79800C67DA8 /* EditorMenuSectionModel.mm */,
				4F9AC5052B87A78B00C67DA8 /* EditorMenuItemModel.hpp */,
				4F9AC5062B87A78B00C67DA8 /* EditorMenuItemModel.mm */,
				4F9AC50B2B87A99100C67DA8 /* EditorMenuCollectionViewLayout.hpp */,
				4F9AC50C2B87A99100C67DA8 /* EditorMenuCollectionViewLayout.mm */,
				4FB039352B8CEC03000EEF61 /* CollectionContent */,
			);
			path = Menu;
			sourceTree = "<group>";
		};
		4FD88B322B84F86E00108C04 /* Caption */ = {
			isa = PBXGroup;
			children = (
				4FD88B332B84F8AF00108C04 /* SVCaption.hpp */,
				4FD88B342B84F8AF00108C04 /* SVCaption.mm */,
			);
			path = Caption;
			sourceTree = "<group>";
		};
		4FD88B392B85044D00108C04 /* ValueTransformer */ = {
			isa = PBXGroup;
			children = (
				4FD88B3A2B85046D00108C04 /* SVNSAttributedStringValueTransformer.hpp */,
				4FD88B3B2B85046D00108C04 /* SVNSAttributedStringValueTransformer.mm */,
				4F05CA862B9AAE6400FEF68C /* SVNSArrayValueTransformer.hpp */,
				4F05CA872B9AAE6400FEF68C /* SVNSArrayValueTransformer.mm */,
				4FD88B3D2B8505A800108C04 /* SVNSValueValueTransformer.hpp */,
				4FD88B3E2B8505A800108C04 /* SVNSValueValueTransformer.mm */,
			);
			path = ValueTransformer;
			sourceTree = "<group>";
		};
		4FE005FF2B7CC0B1004E3737 /* VideoTrackSegment */ = {
			isa = PBXGroup;
			children = (
				4FF3BFDD2B2F0FC300937E14 /* EditorTrackVideoTrackSegmentContentConfiguration.hpp */,
				4FF3BFDE2B2F0FC300937E14 /* EditorTrackVideoTrackSegmentContentConfiguration.mm */,
				4FF3BFC72B2EE62B00937E14 /* EditorTrackVideoTrackSegmentContentView.hpp */,
				4FF3BFC82B2EE62B00937E14 /* EditorTrackVideoTrackSegmentContentView.mm */,
			);
			path = VideoTrackSegment;
			sourceTree = "<group>";
		};
		4FE73FFF2B987CE900C75303 /* Waveform */ = {
			isa = PBXGroup;
			children = (
				4FE740002B987D1B00C75303 /* AudioSamplesExtractor.hpp */,
				4FE740012B987D1B00C75303 /* AudioSamplesExtractor.mm */,
				4F05CA892B9AB05400FEF68C /* SVAudioSamplesManager.hpp */,
				4F05CA8A2B9AB05400FEF68C /* SVAudioSamplesManager.mm */,
				4F05CA8C2B9AB0C900FEF68C /* SVAudioSample.hpp */,
				4F05CA8D2B9AB0C900FEF68C /* SVAudioSample.mm */,
				4F05CAA22B9B6ED300FEF68C /* AudioWaveformView.hpp */,
				4F05CAA32B9B6ED300FEF68C /* AudioWaveformView.mm */,
				4F05CAE02B9C7B9300FEF68C /* _AudioWaveformViewLayerDelegate.hpp */,
				4F05CAE12B9C7B9300FEF68C /* _AudioWaveformViewLayerDelegate.mm */,
			);
			path = Waveform;
			sourceTree = "<group>";
		};
		4FF3BFE02B2F1F0500937E14 /* AssetPreview */ = {
			isa = PBXGroup;
			children = (
				4FF3BFE12B2F1F9E00937E14 /* EditorAssetPreviewView.hpp */,
				4FF3BFE22B2F1F9E00937E14 /* EditorAssetPreviewView.mm */,
				4F4DFCD62B7A6B640018F98E /* _EditorAssetPreviewLayerDelegate.hpp */,
				4F4DFCD72B7A6B640018F98E /* _EditorAssetPreviewLayerDelegate.mm */,
			);
			path = AssetPreview;
			sourceTree = "<group>";
		};
		4FF5FA7B2B1A37FE0091DF8F = {
			isa = PBXGroup;
			children = (
				4FF5FA862B1A37FE0091DF8F /* SurfVideo */,
				4FF5FA852B1A37FE0091DF8F /* Products */,
				4FF5FAA02B1A38470091DF8F /* Frameworks */,
			);
			sourceTree = "<group>";
		};
		4FF5FA852B1A37FE0091DF8F /* Products */ = {
			isa = PBXGroup;
			children = (
				4FF5FA842B1A37FE0091DF8F /* SurfVideo.app */,
			);
			name = Products;
			sourceTree = "<group>";
		};
		4FF5FA862B1A37FE0091DF8F /* SurfVideo */ = {
			isa = PBXGroup;
			children = (
				4FF5FA992B1A37FF0091DF8F /* main.mm */,
				4FF5FA872B1A37FE0091DF8F /* AppDelegate.hpp */,
				4FF5FA882B1A37FE0091DF8F /* AppDelegate.mm */,
				4FF5FA932B1A37FF0091DF8F /* Assets.xcassets */,
				4FF5FA982B1A37FF0091DF8F /* Info.plist */,
				4FF5FAD82B1B0A2E0091DF8F /* constants.hpp */,
				4FF5FAD92B1B0A400091DF8F /* constants.mm */,
				4FF5FB092B1B94560091DF8F /* LaunchScreen.storyboard */,
				4F06E3852B23694F0038F494 /* ImageUtils.hpp */,
				4F06E3862B23694F0038F494 /* ImageUtils.mm */,
				4FD8AD5D2B96137E00007EC7 /* spatial_blur_overlay.png */,
				4F05CAA52B9B6F1B00FEF68C /* SVRunLoop.hpp */,
				4F05CAA62B9B6F1B00FEF68C /* SVRunLoop.mm */,
				4F05CB212B9E0CB800FEF68C /* Settings */,
				4F05CB182B9DDC6C00FEF68C /* KeyValueObservation */,
				4FE73FFF2B987CE900C75303 /* Waveform */,
				4FD88B392B85044D00108C04 /* ValueTransformer */,
				4FF5FAE92B1B21630091DF8F /* Categories */,
				4FF5FACF2B1AF9EB0091DF8F /* Project */,
				4F05CB022B9D9F9600FEF68C /* Home */,
				4FF5FAA62B1A3E640091DF8F /* Projects */,
				4FF5FAE22B1B1DD50091DF8F /* Editor */,
			);
			path = SurfVideo;
			sourceTree = "<group>";
		};
		4FF5FAA02B1A38470091DF8F /* Frameworks */ = {
			isa = PBXGroup;
			children = (
				4F05CAFD2B9D9D1C00FEF68C /* ImageIO.framework */,
				4F0542A22B998DE20001BDC7 /* Accelerate.framework */,
				4FB039302B8BA723000EEF61 /* UniformTypeIdentifiers.framework */,
				4FD88B2A2B84C33900108C04 /* Metal.framework */,
				4F4DFCD42B7A31AB0018F98E /* QuartzCore.framework */,
				4FDC6FBB2B232C13002ACAD8 /* CoreGraphics.framework */,
				4FDC6FB92B232995002ACAD8 /* CoreImage.framework */,
				4F0A210D2B20B319003208EC /* PhotosUI.framework */,
				4F0A210B2B20B315003208EC /* Photos.framework */,
				4FF5FB042B1B62FF0091DF8F /* AVKit.framework */,
				4FF5FB022B1B5DC50091DF8F /* CoreMedia.framework */,
				4FF5FAF32B1B47B10091DF8F /* AVFoundation.framework */,
				4FF5FAD32B1AFA8B0091DF8F /* CoreData.framework */,
				4FF5FAA12B1A38470091DF8F /* UIKit.framework */,
			);
			name = Frameworks;
			sourceTree = "<group>";
		};
		4FF5FAA62B1A3E640091DF8F /* Projects */ = {
			isa = PBXGroup;
			children = (
				4FF5FAA72B1A3E860091DF8F /* ProjectsViewController.hpp */,
				4FF5FAA82B1A3E860091DF8F /* ProjectsViewController.mm */,
				4FCC72F42B79EDAF0096B565 /* ProjectsViewModel.hpp */,
				4FCC72F52B79EDAF0096B565 /* ProjectsViewModel.mm */,
				4F05CAFF2B9D9E1F00FEF68C /* ProjectsCollectionViewLayout.hpp */,
				4F05CB002B9D9E1F00FEF68C /* ProjectsCollectionViewLayout.mm */,
				4F05CB032B9DA23E00FEF68C /* ProjectsCollectionContentConfiguration.hpp */,
				4F05CB042B9DA23E00FEF68C /* ProjectsCollectionContentConfiguration.mm */,
				4F05CB062B9DA24A00FEF68C /* ProjectsCollectionContentView.hpp */,
				4F05CB072B9DA24A00FEF68C /* ProjectsCollectionContentView.mm */,
			);
			path = Projects;
			sourceTree = "<group>";
		};
		4FF5FACF2B1AF9EB0091DF8F /* Project */ = {
			isa = PBXGroup;
			children = (
				4FCC72F72B79F3CB0096B565 /* SVProjectsManager.hpp */,
				4FCC72F82B79F3CB0096B565 /* SVProjectsManager.mm */,
				4FF5FAE12B1B11E90091DF8F /* Models */,
			);
			path = Project;
			sourceTree = "<group>";
		};
		4FF5FAE12B1B11E90091DF8F /* Models */ = {
			isa = PBXGroup;
			children = (
				4FF5FAD02B1AFA3E0091DF8F /* SVVideoProject.hpp */,
				4FF5FAD12B1AFA3E0091DF8F /* SVVideoProject.mm */,
				4F01A3092B2C36C700690981 /* Track */,
				4F01A2DA2B2C0A4A00690981 /* Clip */,
				4FD88B322B84F86E00108C04 /* Caption */,
				4F01A2D92B2C0A3E00690981 /* Footage */,
			);
			path = Models;
			sourceTree = "<group>";
		};
		4FF5FAE22B1B1DD50091DF8F /* Editor */ = {
			isa = PBXGroup;
			children = (
				4FF5FAEE2B1B25980091DF8F /* EditorWindowSceneDelegate.hpp */,
				4FF5FAEF2B1B25980091DF8F /* EditorWindowSceneDelegate.mm */,
				4FF5FAE32B1B1E100091DF8F /* EditorViewController.hpp */,
				4FF5FAE42B1B1E100091DF8F /* EditorViewController.mm */,
				4FAEA3CC2B8F9D99007A3F4B /* Service */,
				4F74EC762B86634D00626EB4 /* Element */,
				4F74EC6D2B862A0100626EB4 /* Renderer */,
				4FF3BFE02B2F1F0500937E14 /* AssetPreview */,
				4FB338652B2A057D000321D9 /* Menu */,
				4FB338642B2A0575000321D9 /* Player */,
				4F05CB092B9DC48F00FEF68C /* ExportButton */,
				4FB338632B2A056E000321D9 /* Track */,
			);
			path = Editor;
			sourceTree = "<group>";
		};
		4FF5FAE92B1B21630091DF8F /* Categories */ = {
			isa = PBXGroup;
			children = (
				4F05CB0E2B9DD38500FEF68C /* NSObject+Foundation_IvarDescription.h */,
				4F05CB0D2B9DD38500FEF68C /* NSObject+Foundation_IvarDescription.mm */,
				4FF5FAEB2B1B216C0091DF8F /* UIApplication+mrui_requestSceneWrapper.hpp */,
				4FF5FAEA2B1B216C0091DF8F /* UIApplication+mrui_requestSceneWrapper.mm */,
				4F05429F2B997CA30001BDC7 /* PHPickerConfiguration+OnlyReturnsIdentifiers.hpp */,
				4F0542A02B997CA30001BDC7 /* PHPickerConfiguration+OnlyReturnsIdentifiers.mm */,
				4F06E3F72B24C6D70038F494 /* UIAlertController+SetCustomView.hpp */,
				4F06E3F82B24C6D70038F494 /* UIAlertController+SetCustomView.mm */,
				4F23F25C2B2750D600EC09EC /* PHImageManager+RequestAVAssets.hpp */,
				4F23F25D2B2750D600EC09EC /* PHImageManager+RequestAVAssets.mm */,
				4F06E3FA2B24C80C0038F494 /* UIAlertController+Private.h */,
				4F06E41A2B24D5AA0038F494 /* UIProgressView+Private.h */,
				4FCC72F32B79E9C00096B565 /* PHPhotoLibrary+Private.h */,
				4FE006002B7D226D004E3737 /* UIScrollView+Private.h */,
				4F6940582B7E3E8500DF0907 /* NSCollectionLayoutDecorationItem+Private.h */,
				4F69405C2B7E5D7200DF0907 /* NSCollectionLayoutSection+Private.h */,
				4F6940862B7E72F100DF0907 /* NSCollectionLayoutItem+Private.h */,
				4FD88B402B85C2C400108C04 /* UIView+Private.h */,
				4F74EC742B863B4700626EB4 /* UIAlertAction+Private.h */,
				4F9AC50E2B87B90700C67DA8 /* UICollectionView+Private.h */,
				4F7851C72B91F2610012F441 /* AVAsset+Private.h */,
				4FD8AD502B95F93900007EC7 /* UIView+SpatialEffect.hpp */,
				4FD8AD512B95F93900007EC7 /* UIView+SpatialEffect.mm */,
				4F05CB102B9DD74D00FEF68C /* UIViewController+PlatterOrnament.hpp */,
				4F05CB112B9DD74D00FEF68C /* UIViewController+PlatterOrnament.mm */,
				4F05CB1E2B9DDE1900FEF68C /* NSValue+WeakObjectValue.hpp */,
				4F05CB1F2B9DDE1900FEF68C /* NSValue+WeakObjectValue.mm */,
			);
			path = Categories;
			sourceTree = "<group>";
		};
/* End PBXGroup section */

/* Begin PBXNativeTarget section */
		4FF5FA832B1A37FE0091DF8F /* SurfVideo */ = {
			isa = PBXNativeTarget;
			buildConfigurationList = 4FF5FA9D2B1A37FF0091DF8F /* Build configuration list for PBXNativeTarget "SurfVideo" */;
			buildPhases = (
				4FF5FA802B1A37FE0091DF8F /* Sources */,
				4FF5FA812B1A37FE0091DF8F /* Frameworks */,
				4FF5FA822B1A37FE0091DF8F /* Resources */,
			);
			buildRules = (
			);
			dependencies = (
			);
			name = SurfVideo;
			productName = SurfVideo;
			productReference = 4FF5FA842B1A37FE0091DF8F /* SurfVideo.app */;
			productType = "com.apple.product-type.application";
		};
/* End PBXNativeTarget section */

/* Begin PBXProject section */
		4FF5FA7C2B1A37FE0091DF8F /* Project object */ = {
			isa = PBXProject;
			attributes = {
				BuildIndependentTargetsInParallel = 1;
				LastUpgradeCheck = 1510;
				TargetAttributes = {
					4FF5FA832B1A37FE0091DF8F = {
						CreatedOnToolsVersion = 15.1;
					};
				};
			};
			buildConfigurationList = 4FF5FA7F2B1A37FE0091DF8F /* Build configuration list for PBXProject "SurfVideo" */;
			compatibilityVersion = "Xcode 14.0";
			developmentRegion = en;
			hasScannedForEncodings = 0;
			knownRegions = (
				en,
				Base,
			);
			mainGroup = 4FF5FA7B2B1A37FE0091DF8F;
			productRefGroup = 4FF5FA852B1A37FE0091DF8F /* Products */;
			projectDirPath = "";
			projectRoot = "";
			targets = (
				4FF5FA832B1A37FE0091DF8F /* SurfVideo */,
			);
		};
/* End PBXProject section */

/* Begin PBXResourcesBuildPhase section */
		4FF5FA822B1A37FE0091DF8F /* Resources */ = {
			isa = PBXResourcesBuildPhase;
			buildActionMask = 2147483647;
			files = (
				4FF5FB0A2B1B94560091DF8F /* LaunchScreen.storyboard in Resources */,
				4FF5FA942B1A37FF0091DF8F /* Assets.xcassets in Resources */,
				4FD8AD5E2B96137E00007EC7 /* spatial_blur_overlay.png in Resources */,
			);
			runOnlyForDeploymentPostprocessing = 0;
		};
/* End PBXResourcesBuildPhase section */

/* Begin PBXSourcesBuildPhase section */
		4FF5FA802B1A37FE0091DF8F /* Sources */ = {
			isa = PBXSourcesBuildPhase;
			buildActionMask = 2147483647;
			files = (
				4F01A2E02B2C0B7B00690981 /* SVVideoClip.mm in Sources */,
				4FF3BFDF2B2F0FC300937E14 /* EditorTrackVideoTrackSegmentContentConfiguration.mm in Sources */,
				4F05CB192B9DDC6C00FEF68C /* KeyValueObservation.m in Sources */,
				4F69405B2B7E57A300DF0907 /* EditorTrackCenterLineCollectionReusableView.mm in Sources */,
				4F9AC5012B8789F600C67DA8 /* EditorTrackCollectionViewLayout.mm in Sources */,
				4FB338682B2A059B000321D9 /* EditorTrackSectionModel.mm in Sources */,
				4FCC72F92B79F3CB0096B565 /* SVProjectsManager.mm in Sources */,
				4FD88B382B84F9B600108C04 /* SVCaptionTrack.mm in Sources */,
				4FD88B3C2B85046D00108C04 /* SVNSAttributedStringValueTransformer.mm in Sources */,
				4F05CB202B9DDE1900FEF68C /* NSValue+WeakObjectValue.mm in Sources */,
				4FF5FAD22B1AFA3E0091DF8F /* SVVideoProject.mm in Sources */,
				4F05CA882B9AAE6400FEF68C /* SVNSArrayValueTransformer.mm in Sources */,
				4F7851B02B91D8D50012F441 /* EditorService+Caption.mm in Sources */,
				4F74EC732B862A4300626EB4 /* EditorRenderCaption.mm in Sources */,
				4FF3BFC92B2EE62B00937E14 /* EditorTrackVideoTrackSegmentContentView.mm in Sources */,
				4F05CAFC2B9CC1B300FEF68C /* EditorTrackAudioTrackSegmentContentView.mm in Sources */,
				4FB0392C2B8B7333000EEF61 /* SVAudioClip.mm in Sources */,
				4FF5FAA92B1A3E860091DF8F /* ProjectsViewController.mm in Sources */,
				4F06E3F92B24C6D70038F494 /* UIAlertController+SetCustomView.mm in Sources */,
				4FAEA3D22B8F9DDA007A3F4B /* EditorService+VideoClip.mm in Sources */,
				4F7851B32B91DA2D0012F441 /* EditorService+AudioClip.mm in Sources */,
				4F06E3872B23694F0038F494 /* ImageUtils.mm in Sources */,
				4F4DFCD82B7A6B640018F98E /* _EditorAssetPreviewLayerDelegate.mm in Sources */,
				4FD88B3F2B8505A800108C04 /* SVNSValueValueTransformer.mm in Sources */,
				4FCC72F62B79EDAF0096B565 /* ProjectsViewModel.mm in Sources */,
				4F05CAF92B9CC12800FEF68C /* EditorTrackAudioTrackSegmentContentConfiguration.mm in Sources */,
				4FD88B292B84BE6000108C04 /* EditorRenderer.mm in Sources */,
				4FE8B5442B2B71B600DE09C5 /* EditorTrackViewModel.mm in Sources */,
				4FF5FAE52B1B1E100091DF8F /* EditorViewController.mm in Sources */,
				4F8BCD5B2B28B52C0086EDA8 /* EditorTrackViewController.mm in Sources */,
				4F93FE992B8E3A7B005782EC /* EditorPlayerViewController.mm in Sources */,
				4F05CB272B9E0FB300FEF68C /* SettingsViewModel.mm in Sources */,
				4F01A30F2B2C370500690981 /* SVVideoTrack.mm in Sources */,
				4F05CB082B9DA24A00FEF68C /* ProjectsCollectionContentView.mm in Sources */,
				4F05CB052B9DA23E00FEF68C /* ProjectsCollectionContentConfiguration.mm in Sources */,
				4FB039292B8B72F0000EEF61 /* SVAudioTrack.mm in Sources */,
				4F9AC50D2B87A99100C67DA8 /* EditorMenuCollectionViewLayout.mm in Sources */,
				4FD8AD522B95F93900007EC7 /* UIView+SpatialEffect.mm in Sources */,
				4FB039382B8CEC10000EEF61 /* EditorMenuCollectionContentConfiguration.mm in Sources */,
				4FE8B5412B2B623700DE09C5 /* EditorService.mm in Sources */,
				4F7851AD2B91D2E60012F441 /* EditorService+Private.mm in Sources */,
				4F05CAA72B9B6F1B00FEF68C /* SVRunLoop.mm in Sources */,
				4F05CB0C2B9DCF0900FEF68C /* EditorExportButtonViewController.mm in Sources */,
				4FF5FADA2B1B0A400091DF8F /* constants.mm in Sources */,
				4F0A20E52B20ABD8003208EC /* SVPHAssetFootage.mm in Sources */,
				4F05CAA42B9B6ED300FEF68C /* AudioWaveformView.mm in Sources */,
				4F23F25E2B2750D600EC09EC /* PHImageManager+RequestAVAssets.mm in Sources */,
				4FF5FA892B1A37FE0091DF8F /* AppDelegate.mm in Sources */,
				4F01A2DD2B2C0A6400690981 /* SVClip.mm in Sources */,
				4F05CB122B9DD74D00FEF68C /* UIViewController+PlatterOrnament.mm in Sources */,
				4FB039342B8CEA7E000EEF61 /* EditorMenuCollectionContentView.mm in Sources */,
				4FF5FA9A2B1A37FF0091DF8F /* main.mm in Sources */,
				4F0A20E82B20AD6A003208EC /* SVFootage.mm in Sources */,
				4F0542A12B997CA30001BDC7 /* PHPickerConfiguration+OnlyReturnsIdentifiers.mm in Sources */,
				4F05CA8B2B9AB05400FEF68C /* SVAudioSamplesManager.mm in Sources */,
				4F05CB012B9D9E1F00FEF68C /* ProjectsCollectionViewLayout.mm in Sources */,
				4FB0392F2B8B7CA2000EEF61 /* SVLocalFileFootage.mm in Sources */,
				4F01A30C2B2C36D400690981 /* SVTrack.mm in Sources */,
				4F9AC5072B87A78B00C67DA8 /* EditorMenuItemModel.mm in Sources */,
				4FE740022B987D1B00C75303 /* AudioSamplesExtractor.mm in Sources */,
				4FF5FAA52B1A3B710091DF8F /* HomeViewController.mm in Sources */,
				4FB3386B2B2A05A5000321D9 /* EditorTrackItemModel.mm in Sources */,
				4F74EC702B862A2400626EB4 /* EditorRenderElement.mm in Sources */,
				4FF5FA8C2B1A37FE0091DF8F /* HomeSceneDelegate.mm in Sources */,
				4FF5FAF02B1B25980091DF8F /* EditorWindowSceneDelegate.mm in Sources */,
				4FF3BFE32B2F1F9E00937E14 /* EditorAssetPreviewView.mm in Sources */,
				4F05CAE22B9C7B9300FEF68C /* _AudioWaveformViewLayerDelegate.mm in Sources */,
				4FD88B352B84F8AF00108C04 /* SVCaption.mm in Sources */,
				4FF5FB082B1B92920091DF8F /* EditorMenuViewController.mm in Sources */,
				4FF5FAEC2B1B216C0091DF8F /* UIApplication+mrui_requestSceneWrapper.mm in Sources */,
				4F9AC5042B87A64E00C67DA8 /* EditorMenuViewModel.mm in Sources */,
				4F05CB0F2B9DD38500FEF68C /* NSObject+Foundation_IvarDescription.mm in Sources */,
				4F9AC50A2B87A79800C67DA8 /* EditorMenuSectionModel.mm in Sources */,
				4F05CB242B9E0CD000FEF68C /* SettingsViewController.mm in Sources */,
				4F05CA8E2B9AB0C900FEF68C /* SVAudioSample.mm in Sources */,
				4F05CB1A2B9DDC6C00FEF68C /* NSObject+KeyValueObservation.m in Sources */,
			);
			runOnlyForDeploymentPostprocessing = 0;
		};
/* End PBXSourcesBuildPhase section */

/* Begin XCBuildConfiguration section */
		4FF5FA9B2B1A37FF0091DF8F /* Debug */ = {
			isa = XCBuildConfiguration;
			buildSettings = {
				ALWAYS_SEARCH_USER_PATHS = NO;
				ASSETCATALOG_COMPILER_GENERATE_SWIFT_ASSET_SYMBOL_EXTENSIONS = YES;
				CLANG_ANALYZER_NONNULL = YES;
				CLANG_ANALYZER_NUMBER_OBJECT_CONVERSION = YES_AGGRESSIVE;
				CLANG_CXX_LANGUAGE_STANDARD = "gnu++20";
				CLANG_ENABLE_MODULES = YES;
				CLANG_ENABLE_OBJC_ARC = NO;
				CLANG_ENABLE_OBJC_WEAK = YES;
				CLANG_WARN_BLOCK_CAPTURE_AUTORELEASING = YES;
				CLANG_WARN_BOOL_CONVERSION = YES;
				CLANG_WARN_COMMA = YES;
				CLANG_WARN_CONSTANT_CONVERSION = YES;
				CLANG_WARN_DEPRECATED_OBJC_IMPLEMENTATIONS = YES;
				CLANG_WARN_DIRECT_OBJC_ISA_USAGE = YES_ERROR;
				CLANG_WARN_DOCUMENTATION_COMMENTS = YES;
				CLANG_WARN_EMPTY_BODY = YES;
				CLANG_WARN_ENUM_CONVERSION = YES;
				CLANG_WARN_INFINITE_RECURSION = YES;
				CLANG_WARN_INT_CONVERSION = YES;
				CLANG_WARN_NON_LITERAL_NULL_CONVERSION = YES;
				CLANG_WARN_OBJC_IMPLICIT_RETAIN_SELF = YES;
				CLANG_WARN_OBJC_LITERAL_CONVERSION = YES;
				CLANG_WARN_OBJC_ROOT_CLASS = YES_ERROR;
				CLANG_WARN_QUOTED_INCLUDE_IN_FRAMEWORK_HEADER = YES;
				CLANG_WARN_RANGE_LOOP_ANALYSIS = YES;
				CLANG_WARN_STRICT_PROTOTYPES = YES;
				CLANG_WARN_SUSPICIOUS_MOVE = YES;
				CLANG_WARN_UNGUARDED_AVAILABILITY = YES_AGGRESSIVE;
				CLANG_WARN_UNREACHABLE_CODE = YES;
				CLANG_WARN__DUPLICATE_METHOD_MATCH = YES;
				COPY_PHASE_STRIP = NO;
				DEBUG_INFORMATION_FORMAT = dwarf;
				ENABLE_STRICT_OBJC_MSGSEND = YES;
				ENABLE_TESTABILITY = YES;
				ENABLE_USER_SCRIPT_SANDBOXING = YES;
				GCC_C_LANGUAGE_STANDARD = gnu17;
				GCC_DYNAMIC_NO_PIC = NO;
				GCC_NO_COMMON_BLOCKS = YES;
				GCC_OPTIMIZATION_LEVEL = 0;
				GCC_PREPROCESSOR_DEFINITIONS = (
					"DEBUG=1",
					"$(inherited)",
				);
				GCC_WARN_64_TO_32_BIT_CONVERSION = YES;
				GCC_WARN_ABOUT_RETURN_TYPE = YES_ERROR;
				GCC_WARN_UNDECLARED_SELECTOR = YES;
				GCC_WARN_UNINITIALIZED_AUTOS = YES_AGGRESSIVE;
				GCC_WARN_UNUSED_FUNCTION = YES;
				GCC_WARN_UNUSED_VARIABLE = YES;
				IPHONEOS_DEPLOYMENT_TARGET = 17.0;
				LOCALIZATION_PREFERS_STRING_CATALOGS = YES;
				MTL_ENABLE_DEBUG_INFO = INCLUDE_SOURCE;
				MTL_FAST_MATH = YES;
				ONLY_ACTIVE_ARCH = YES;
				SDKROOT = iphoneos;
			};
			name = Debug;
		};
		4FF5FA9C2B1A37FF0091DF8F /* Release */ = {
			isa = XCBuildConfiguration;
			buildSettings = {
				ALWAYS_SEARCH_USER_PATHS = NO;
				ASSETCATALOG_COMPILER_GENERATE_SWIFT_ASSET_SYMBOL_EXTENSIONS = YES;
				CLANG_ANALYZER_NONNULL = YES;
				CLANG_ANALYZER_NUMBER_OBJECT_CONVERSION = YES_AGGRESSIVE;
				CLANG_CXX_LANGUAGE_STANDARD = "gnu++20";
				CLANG_ENABLE_MODULES = YES;
				CLANG_ENABLE_OBJC_ARC = NO;
				CLANG_ENABLE_OBJC_WEAK = YES;
				CLANG_WARN_BLOCK_CAPTURE_AUTORELEASING = YES;
				CLANG_WARN_BOOL_CONVERSION = YES;
				CLANG_WARN_COMMA = YES;
				CLANG_WARN_CONSTANT_CONVERSION = YES;
				CLANG_WARN_DEPRECATED_OBJC_IMPLEMENTATIONS = YES;
				CLANG_WARN_DIRECT_OBJC_ISA_USAGE = YES_ERROR;
				CLANG_WARN_DOCUMENTATION_COMMENTS = YES;
				CLANG_WARN_EMPTY_BODY = YES;
				CLANG_WARN_ENUM_CONVERSION = YES;
				CLANG_WARN_INFINITE_RECURSION = YES;
				CLANG_WARN_INT_CONVERSION = YES;
				CLANG_WARN_NON_LITERAL_NULL_CONVERSION = YES;
				CLANG_WARN_OBJC_IMPLICIT_RETAIN_SELF = YES;
				CLANG_WARN_OBJC_LITERAL_CONVERSION = YES;
				CLANG_WARN_OBJC_ROOT_CLASS = YES_ERROR;
				CLANG_WARN_QUOTED_INCLUDE_IN_FRAMEWORK_HEADER = YES;
				CLANG_WARN_RANGE_LOOP_ANALYSIS = YES;
				CLANG_WARN_STRICT_PROTOTYPES = YES;
				CLANG_WARN_SUSPICIOUS_MOVE = YES;
				CLANG_WARN_UNGUARDED_AVAILABILITY = YES_AGGRESSIVE;
				CLANG_WARN_UNREACHABLE_CODE = YES;
				CLANG_WARN__DUPLICATE_METHOD_MATCH = YES;
				COPY_PHASE_STRIP = NO;
				DEBUG_INFORMATION_FORMAT = "dwarf-with-dsym";
				ENABLE_NS_ASSERTIONS = NO;
				ENABLE_STRICT_OBJC_MSGSEND = YES;
				ENABLE_USER_SCRIPT_SANDBOXING = YES;
				GCC_C_LANGUAGE_STANDARD = gnu17;
				GCC_NO_COMMON_BLOCKS = YES;
				GCC_WARN_64_TO_32_BIT_CONVERSION = YES;
				GCC_WARN_ABOUT_RETURN_TYPE = YES_ERROR;
				GCC_WARN_UNDECLARED_SELECTOR = YES;
				GCC_WARN_UNINITIALIZED_AUTOS = YES_AGGRESSIVE;
				GCC_WARN_UNUSED_FUNCTION = YES;
				GCC_WARN_UNUSED_VARIABLE = YES;
				IPHONEOS_DEPLOYMENT_TARGET = 17.0;
				LOCALIZATION_PREFERS_STRING_CATALOGS = YES;
				MTL_ENABLE_DEBUG_INFO = NO;
				MTL_FAST_MATH = YES;
				SDKROOT = iphoneos;
				VALIDATE_PRODUCT = YES;
			};
			name = Release;
		};
		4FF5FA9E2B1A37FF0091DF8F /* Debug */ = {
			isa = XCBuildConfiguration;
			buildSettings = {
				ASSETCATALOG_COMPILER_APPICON_NAME = AppIcon;
				ASSETCATALOG_COMPILER_GLOBAL_ACCENT_COLOR_NAME = AccentColor;
				CODE_SIGN_STYLE = Automatic;
				CURRENT_PROJECT_VERSION = 1;
				DEVELOPMENT_TEAM = P53D29U9LJ;
				GENERATE_INFOPLIST_FILE = YES;
				INFOPLIST_FILE = SurfVideo/Info.plist;
				INFOPLIST_KEY_NSPhotoLibraryUsageDescription = "Permission needed";
				INFOPLIST_KEY_UIApplicationSupportsIndirectInputEvents = YES;
				INFOPLIST_KEY_UILaunchStoryboardName = LaunchScreen.storyboard;
				INFOPLIST_KEY_UISupportedInterfaceOrientations_iPad = "UIInterfaceOrientationPortrait UIInterfaceOrientationPortraitUpsideDown UIInterfaceOrientationLandscapeLeft UIInterfaceOrientationLandscapeRight";
				INFOPLIST_KEY_UISupportedInterfaceOrientations_iPhone = "UIInterfaceOrientationPortrait UIInterfaceOrientationLandscapeLeft UIInterfaceOrientationLandscapeRight";
				LD_RUNPATH_SEARCH_PATHS = (
					"$(inherited)",
					"@executable_path/Frameworks",
				);
				MARKETING_VERSION = 1.0;
				PRODUCT_BUNDLE_IDENTIFIER = com.pookjw.SurfVideo;
				PRODUCT_NAME = "$(TARGET_NAME)";
				SUPPORTED_PLATFORMS = "iphoneos iphonesimulator xros xrsimulator";
				SUPPORTS_MACCATALYST = NO;
				SUPPORTS_XR_DESIGNED_FOR_IPHONE_IPAD = NO;
				SWIFT_EMIT_LOC_STRINGS = YES;
				TARGETED_DEVICE_FAMILY = "1,2,7";
			};
			name = Debug;
		};
		4FF5FA9F2B1A37FF0091DF8F /* Release */ = {
			isa = XCBuildConfiguration;
			buildSettings = {
				ASSETCATALOG_COMPILER_APPICON_NAME = AppIcon;
				ASSETCATALOG_COMPILER_GLOBAL_ACCENT_COLOR_NAME = AccentColor;
				CODE_SIGN_STYLE = Automatic;
				CURRENT_PROJECT_VERSION = 1;
				DEVELOPMENT_TEAM = P53D29U9LJ;
				GENERATE_INFOPLIST_FILE = YES;
				INFOPLIST_FILE = SurfVideo/Info.plist;
				INFOPLIST_KEY_NSPhotoLibraryUsageDescription = "Permission needed";
				INFOPLIST_KEY_UIApplicationSupportsIndirectInputEvents = YES;
				INFOPLIST_KEY_UILaunchStoryboardName = LaunchScreen.storyboard;
				INFOPLIST_KEY_UISupportedInterfaceOrientations_iPad = "UIInterfaceOrientationPortrait UIInterfaceOrientationPortraitUpsideDown UIInterfaceOrientationLandscapeLeft UIInterfaceOrientationLandscapeRight";
				INFOPLIST_KEY_UISupportedInterfaceOrientations_iPhone = "UIInterfaceOrientationPortrait UIInterfaceOrientationLandscapeLeft UIInterfaceOrientationLandscapeRight";
				LD_RUNPATH_SEARCH_PATHS = (
					"$(inherited)",
					"@executable_path/Frameworks",
				);
				MARKETING_VERSION = 1.0;
				PRODUCT_BUNDLE_IDENTIFIER = com.pookjw.SurfVideo;
				PRODUCT_NAME = "$(TARGET_NAME)";
				SUPPORTED_PLATFORMS = "iphoneos iphonesimulator xros xrsimulator";
				SUPPORTS_MACCATALYST = NO;
				SUPPORTS_XR_DESIGNED_FOR_IPHONE_IPAD = NO;
				SWIFT_EMIT_LOC_STRINGS = YES;
				TARGETED_DEVICE_FAMILY = "1,2,7";
			};
			name = Release;
		};
/* End XCBuildConfiguration section */

/* Begin XCConfigurationList section */
		4FF5FA7F2B1A37FE0091DF8F /* Build configuration list for PBXProject "SurfVideo" */ = {
			isa = XCConfigurationList;
			buildConfigurations = (
				4FF5FA9B2B1A37FF0091DF8F /* Debug */,
				4FF5FA9C2B1A37FF0091DF8F /* Release */,
			);
			defaultConfigurationIsVisible = 0;
			defaultConfigurationName = Release;
		};
		4FF5FA9D2B1A37FF0091DF8F /* Build configuration list for PBXNativeTarget "SurfVideo" */ = {
			isa = XCConfigurationList;
			buildConfigurations = (
				4FF5FA9E2B1A37FF0091DF8F /* Debug */,
				4FF5FA9F2B1A37FF0091DF8F /* Release */,
			);
			defaultConfigurationIsVisible = 0;
			defaultConfigurationName = Release;
		};
/* End XCConfigurationList section */
	};
	rootObject = 4FF5FA7C2B1A37FE0091DF8F /* Project object */;
}
